// !$*UTF8*$!
{
	archiveVersion = 1;
	classes = {
	};
	objectVersion = 51;
	objects = {

/* Begin PBXBuildFile section */
		14455B7EA7BBBE5B4E2457A5 /* Pods_uTravel.framework in Frameworks */ = {isa = PBXBuildFile; fileRef = ECDB22D428A338BA2706F10C /* Pods_uTravel.framework */; };
		C71ABEC326683E6200A12052 /* LoadingViewController.swift in Sources */ = {isa = PBXBuildFile; fileRef = C71ABEC226683E6100A12052 /* LoadingViewController.swift */; };
		C71ABECF266998CA00A12052 /* PlaceDetailPresenter.swift in Sources */ = {isa = PBXBuildFile; fileRef = C71ABEC9266998CA00A12052 /* PlaceDetailPresenter.swift */; };
		C71ABED0266998CA00A12052 /* PlaceDetailRouter.swift in Sources */ = {isa = PBXBuildFile; fileRef = C71ABECA266998CA00A12052 /* PlaceDetailRouter.swift */; };
		C71ABED1266998CA00A12052 /* PlaceDetailViewController.swift in Sources */ = {isa = PBXBuildFile; fileRef = C71ABECB266998CA00A12052 /* PlaceDetailViewController.swift */; };
		C71ABED2266998CA00A12052 /* PlaceDetailProtocols.swift in Sources */ = {isa = PBXBuildFile; fileRef = C71ABECC266998CA00A12052 /* PlaceDetailProtocols.swift */; };
		C71ABED3266998CA00A12052 /* PlaceDetailInteractor.swift in Sources */ = {isa = PBXBuildFile; fileRef = C71ABECD266998CA00A12052 /* PlaceDetailInteractor.swift */; };
		C71ABED4266998CA00A12052 /* PlaceDetailContainer.swift in Sources */ = {isa = PBXBuildFile; fileRef = C71ABECE266998CA00A12052 /* PlaceDetailContainer.swift */; };
		C71ABEDA266A4CCE00A12052 /* TravelDetailCollectionViewPlaceCell.swift in Sources */ = {isa = PBXBuildFile; fileRef = C71ABED9266A4CCE00A12052 /* TravelDetailCollectionViewPlaceCell.swift */; };
		C71ABEE8266A507A00A12052 /* SearchUsersPresenter.swift in Sources */ = {isa = PBXBuildFile; fileRef = C71ABEE2266A507A00A12052 /* SearchUsersPresenter.swift */; };
		C71ABEE9266A507A00A12052 /* SearchUsersRouter.swift in Sources */ = {isa = PBXBuildFile; fileRef = C71ABEE3266A507A00A12052 /* SearchUsersRouter.swift */; };
		C71ABEEA266A507A00A12052 /* SearchUsersViewController.swift in Sources */ = {isa = PBXBuildFile; fileRef = C71ABEE4266A507A00A12052 /* SearchUsersViewController.swift */; };
		C71ABEEB266A507A00A12052 /* SearchUsersProtocols.swift in Sources */ = {isa = PBXBuildFile; fileRef = C71ABEE5266A507A00A12052 /* SearchUsersProtocols.swift */; };
		C71ABEEC266A507A00A12052 /* SearchUsersInteractor.swift in Sources */ = {isa = PBXBuildFile; fileRef = C71ABEE6266A507A00A12052 /* SearchUsersInteractor.swift */; };
		C71ABEED266A507A00A12052 /* SearchUsersContainer.swift in Sources */ = {isa = PBXBuildFile; fileRef = C71ABEE7266A507A00A12052 /* SearchUsersContainer.swift */; };
		C71ABF01266A517900A12052 /* SearchUsersCollectionViewUserCell.swift in Sources */ = {isa = PBXBuildFile; fileRef = C71ABF00266A517800A12052 /* SearchUsersCollectionViewUserCell.swift */; };
		C72375C2262E0BC1001DB744 /* LoginPresenter.swift in Sources */ = {isa = PBXBuildFile; fileRef = C72375BC262E0BC1001DB744 /* LoginPresenter.swift */; };
		C72375C3262E0BC1001DB744 /* LoginRouter.swift in Sources */ = {isa = PBXBuildFile; fileRef = C72375BD262E0BC1001DB744 /* LoginRouter.swift */; };
		C72375C4262E0BC1001DB744 /* LoginViewController.swift in Sources */ = {isa = PBXBuildFile; fileRef = C72375BE262E0BC1001DB744 /* LoginViewController.swift */; };
		C72375C5262E0BC1001DB744 /* LoginProtocols.swift in Sources */ = {isa = PBXBuildFile; fileRef = C72375BF262E0BC1001DB744 /* LoginProtocols.swift */; };
		C72375C6262E0BC1001DB744 /* LoginInteractor.swift in Sources */ = {isa = PBXBuildFile; fileRef = C72375C0262E0BC1001DB744 /* LoginInteractor.swift */; };
		C72375C7262E0BC1001DB744 /* LoginContainer.swift in Sources */ = {isa = PBXBuildFile; fileRef = C72375C1262E0BC1001DB744 /* LoginContainer.swift */; };
		C72375E4262E3DAB001DB744 /* Main.storyboard in Resources */ = {isa = PBXBuildFile; fileRef = C72375E3262E3DAB001DB744 /* Main.storyboard */; };
		C7239749263F341E00F5DB0E /* TravelCollectionViewCell.swift in Sources */ = {isa = PBXBuildFile; fileRef = C7239748263F341E00F5DB0E /* TravelCollectionViewCell.swift */; };
		C72858DD266171E600C63905 /* LocationPresenter.swift in Sources */ = {isa = PBXBuildFile; fileRef = C72858D7266171E600C63905 /* LocationPresenter.swift */; };
		C72858DE266171E600C63905 /* LocationRouter.swift in Sources */ = {isa = PBXBuildFile; fileRef = C72858D8266171E600C63905 /* LocationRouter.swift */; };
		C72858DF266171E600C63905 /* LocationViewController.swift in Sources */ = {isa = PBXBuildFile; fileRef = C72858D9266171E600C63905 /* LocationViewController.swift */; };
		C72858E0266171E600C63905 /* LocationProtocols.swift in Sources */ = {isa = PBXBuildFile; fileRef = C72858DA266171E600C63905 /* LocationProtocols.swift */; };
		C72858E1266171E600C63905 /* LocationInteractor.swift in Sources */ = {isa = PBXBuildFile; fileRef = C72858DB266171E600C63905 /* LocationInteractor.swift */; };
		C72858E2266171E600C63905 /* LocationContainer.swift in Sources */ = {isa = PBXBuildFile; fileRef = C72858DC266171E600C63905 /* LocationContainer.swift */; };
		C72858E726617F4600C63905 /* SearchResultsController.swift in Sources */ = {isa = PBXBuildFile; fileRef = C72858E626617F4600C63905 /* SearchResultsController.swift */; };
		C764AB4C26374B9A00C4331D /* ExplorePresenter.swift in Sources */ = {isa = PBXBuildFile; fileRef = C764AB4626374B9A00C4331D /* ExplorePresenter.swift */; };
		C764AB4D26374B9A00C4331D /* ExploreRouter.swift in Sources */ = {isa = PBXBuildFile; fileRef = C764AB4726374B9A00C4331D /* ExploreRouter.swift */; };
		C764AB4E26374B9A00C4331D /* ExploreViewController.swift in Sources */ = {isa = PBXBuildFile; fileRef = C764AB4826374B9A00C4331D /* ExploreViewController.swift */; };
		C764AB4F26374B9A00C4331D /* ExploreProtocols.swift in Sources */ = {isa = PBXBuildFile; fileRef = C764AB4926374B9A00C4331D /* ExploreProtocols.swift */; };
		C764AB5026374B9A00C4331D /* ExploreInteractor.swift in Sources */ = {isa = PBXBuildFile; fileRef = C764AB4A26374B9A00C4331D /* ExploreInteractor.swift */; };
		C764AB5126374B9A00C4331D /* ExploreContainer.swift in Sources */ = {isa = PBXBuildFile; fileRef = C764AB4B26374B9A00C4331D /* ExploreContainer.swift */; };
		C764AB5A26374C0A00C4331D /* ProfilePresenter.swift in Sources */ = {isa = PBXBuildFile; fileRef = C764AB5426374C0A00C4331D /* ProfilePresenter.swift */; };
		C764AB5B26374C0A00C4331D /* ProfileRouter.swift in Sources */ = {isa = PBXBuildFile; fileRef = C764AB5526374C0A00C4331D /* ProfileRouter.swift */; };
		C764AB5C26374C0A00C4331D /* ProfileViewController.swift in Sources */ = {isa = PBXBuildFile; fileRef = C764AB5626374C0A00C4331D /* ProfileViewController.swift */; };
		C764AB5D26374C0A00C4331D /* ProfileProtocols.swift in Sources */ = {isa = PBXBuildFile; fileRef = C764AB5726374C0A00C4331D /* ProfileProtocols.swift */; };
		C764AB5E26374C0A00C4331D /* ProfileInteractor.swift in Sources */ = {isa = PBXBuildFile; fileRef = C764AB5826374C0A00C4331D /* ProfileInteractor.swift */; };
		C764AB5F26374C0A00C4331D /* ProfileContainer.swift in Sources */ = {isa = PBXBuildFile; fileRef = C764AB5926374C0A00C4331D /* ProfileContainer.swift */; };
		C764AB8526374DD500C4331D /* AddTravelPresenter.swift in Sources */ = {isa = PBXBuildFile; fileRef = C764AB7F26374DD500C4331D /* AddTravelPresenter.swift */; };
		C764AB8626374DD500C4331D /* AddTravelRouter.swift in Sources */ = {isa = PBXBuildFile; fileRef = C764AB8026374DD500C4331D /* AddTravelRouter.swift */; };
		C764AB8726374DD500C4331D /* AddTravelViewController.swift in Sources */ = {isa = PBXBuildFile; fileRef = C764AB8126374DD500C4331D /* AddTravelViewController.swift */; };
		C764AB8826374DD500C4331D /* AddTravelProtocols.swift in Sources */ = {isa = PBXBuildFile; fileRef = C764AB8226374DD500C4331D /* AddTravelProtocols.swift */; };
		C764AB8926374DD500C4331D /* AddTravelInteractor.swift in Sources */ = {isa = PBXBuildFile; fileRef = C764AB8326374DD500C4331D /* AddTravelInteractor.swift */; };
		C764AB8A26374DD500C4331D /* AddTravelContainer.swift in Sources */ = {isa = PBXBuildFile; fileRef = C764AB8426374DD500C4331D /* AddTravelContainer.swift */; };
		C764AB952637530F00C4331D /* ProfileSettingsPresenter.swift in Sources */ = {isa = PBXBuildFile; fileRef = C764AB8F2637530F00C4331D /* ProfileSettingsPresenter.swift */; };
		C764AB962637530F00C4331D /* ProfileSettingsRouter.swift in Sources */ = {isa = PBXBuildFile; fileRef = C764AB902637530F00C4331D /* ProfileSettingsRouter.swift */; };
		C764AB972637530F00C4331D /* ProfileSettingsViewController.swift in Sources */ = {isa = PBXBuildFile; fileRef = C764AB912637530F00C4331D /* ProfileSettingsViewController.swift */; };
		C764AB982637530F00C4331D /* ProfileSettingsProtocols.swift in Sources */ = {isa = PBXBuildFile; fileRef = C764AB922637530F00C4331D /* ProfileSettingsProtocols.swift */; };
		C764AB992637530F00C4331D /* ProfileSettingsInteractor.swift in Sources */ = {isa = PBXBuildFile; fileRef = C764AB932637530F00C4331D /* ProfileSettingsInteractor.swift */; };
		C764AB9A2637530F00C4331D /* ProfileSettingsContainer.swift in Sources */ = {isa = PBXBuildFile; fileRef = C764AB942637530F00C4331D /* ProfileSettingsContainer.swift */; };
		C771D4FA26408210005947E6 /* ImagePicker.swift in Sources */ = {isa = PBXBuildFile; fileRef = C771D4F926408210005947E6 /* ImagePicker.swift */; };
		C77E140826417AE50015B750 /* AddTravelCollectionViewPlaceCell.swift in Sources */ = {isa = PBXBuildFile; fileRef = C77E140726417AE50015B750 /* AddTravelCollectionViewPlaceCell.swift */; };
		C77E140D2641DC1D0015B750 /* TravelPost.swift in Sources */ = {isa = PBXBuildFile; fileRef = C77E140C2641DC1D0015B750 /* TravelPost.swift */; };
		C77E14132643046F0015B750 /* TravelPostManager.swift in Sources */ = {isa = PBXBuildFile; fileRef = C77E14122643046F0015B750 /* TravelPostManager.swift */; };
		C77E1419264310F30015B750 /* TravelPostViewModel.swift in Sources */ = {isa = PBXBuildFile; fileRef = C77E1418264310F30015B750 /* TravelPostViewModel.swift */; };
		C77E141C264337220015B750 /* ImageLoader.swift in Sources */ = {isa = PBXBuildFile; fileRef = C77E141B264337210015B750 /* ImageLoader.swift */; };
		C78115B02637699D008E8D92 /* TravelCollectionViewExploreCell.swift in Sources */ = {isa = PBXBuildFile; fileRef = C78115AF2637699D008E8D92 /* TravelCollectionViewExploreCell.swift */; };
		C78115EF2637947A008E8D92 /* TravelDetailPresenter.swift in Sources */ = {isa = PBXBuildFile; fileRef = C78115E92637947A008E8D92 /* TravelDetailPresenter.swift */; };
		C78115F02637947A008E8D92 /* TravelDetailRouter.swift in Sources */ = {isa = PBXBuildFile; fileRef = C78115EA2637947A008E8D92 /* TravelDetailRouter.swift */; };
		C78115F12637947A008E8D92 /* TravelDetailViewController.swift in Sources */ = {isa = PBXBuildFile; fileRef = C78115EB2637947A008E8D92 /* TravelDetailViewController.swift */; };
		C78115F22637947A008E8D92 /* TravelDetailProtocols.swift in Sources */ = {isa = PBXBuildFile; fileRef = C78115EC2637947A008E8D92 /* TravelDetailProtocols.swift */; };
		C78115F32637947A008E8D92 /* TravelDetailInteractor.swift in Sources */ = {isa = PBXBuildFile; fileRef = C78115ED2637947A008E8D92 /* TravelDetailInteractor.swift */; };
		C78115F42637947A008E8D92 /* TravelDetailContainer.swift in Sources */ = {isa = PBXBuildFile; fileRef = C78115EE2637947A008E8D92 /* TravelDetailContainer.swift */; };
		C79FE6D72636E4ED003AAA91 /* MainPresenter.swift in Sources */ = {isa = PBXBuildFile; fileRef = C79FE6D12636E4ED003AAA91 /* MainPresenter.swift */; };
		C79FE6D82636E4ED003AAA91 /* MainRouter.swift in Sources */ = {isa = PBXBuildFile; fileRef = C79FE6D22636E4ED003AAA91 /* MainRouter.swift */; };
		C79FE6D92636E4ED003AAA91 /* MainTabBarController.swift in Sources */ = {isa = PBXBuildFile; fileRef = C79FE6D32636E4ED003AAA91 /* MainTabBarController.swift */; };
		C79FE6DA2636E4ED003AAA91 /* MainProtocols.swift in Sources */ = {isa = PBXBuildFile; fileRef = C79FE6D42636E4ED003AAA91 /* MainProtocols.swift */; };
		C79FE6DB2636E4ED003AAA91 /* MainInteractor.swift in Sources */ = {isa = PBXBuildFile; fileRef = C79FE6D52636E4ED003AAA91 /* MainInteractor.swift */; };
		C79FE6DC2636E4ED003AAA91 /* MainContainer.swift in Sources */ = {isa = PBXBuildFile; fileRef = C79FE6D62636E4ED003AAA91 /* MainContainer.swift */; };
		C79FE73526372743003AAA91 /* RegistrationPresenter.swift in Sources */ = {isa = PBXBuildFile; fileRef = C79FE72F26372743003AAA91 /* RegistrationPresenter.swift */; };
		C79FE73626372743003AAA91 /* RegistrationRouter.swift in Sources */ = {isa = PBXBuildFile; fileRef = C79FE73026372743003AAA91 /* RegistrationRouter.swift */; };
		C79FE73726372743003AAA91 /* RegistrationViewController.swift in Sources */ = {isa = PBXBuildFile; fileRef = C79FE73126372743003AAA91 /* RegistrationViewController.swift */; };
		C79FE73826372743003AAA91 /* RegistrationProtocols.swift in Sources */ = {isa = PBXBuildFile; fileRef = C79FE73226372743003AAA91 /* RegistrationProtocols.swift */; };
		C79FE73926372743003AAA91 /* RegistrationInteractor.swift in Sources */ = {isa = PBXBuildFile; fileRef = C79FE73326372743003AAA91 /* RegistrationInteractor.swift */; };
		C79FE73A26372743003AAA91 /* RegistrationContainer.swift in Sources */ = {isa = PBXBuildFile; fileRef = C79FE73426372743003AAA91 /* RegistrationContainer.swift */; };
		C79FE74126374332003AAA91 /* utils.swift in Sources */ = {isa = PBXBuildFile; fileRef = C79FE74026374332003AAA91 /* utils.swift */; };
		C7A4B75826406B840082B9EA /* NotificationPresenter.swift in Sources */ = {isa = PBXBuildFile; fileRef = C7A4B75226406B840082B9EA /* NotificationPresenter.swift */; };
		C7A4B75926406B840082B9EA /* NotificationRouter.swift in Sources */ = {isa = PBXBuildFile; fileRef = C7A4B75326406B840082B9EA /* NotificationRouter.swift */; };
		C7A4B75A26406B840082B9EA /* NotificationViewController.swift in Sources */ = {isa = PBXBuildFile; fileRef = C7A4B75426406B840082B9EA /* NotificationViewController.swift */; };
		C7A4B75B26406B840082B9EA /* NotificationProtocols.swift in Sources */ = {isa = PBXBuildFile; fileRef = C7A4B75526406B840082B9EA /* NotificationProtocols.swift */; };
		C7A4B75C26406B840082B9EA /* NotificationInteractor.swift in Sources */ = {isa = PBXBuildFile; fileRef = C7A4B75626406B840082B9EA /* NotificationInteractor.swift */; };
		C7A4B75D26406B840082B9EA /* NotificationContainer.swift in Sources */ = {isa = PBXBuildFile; fileRef = C7A4B75726406B840082B9EA /* NotificationContainer.swift */; };
		C7A4B76826406C360082B9EA /* ChatPresenter.swift in Sources */ = {isa = PBXBuildFile; fileRef = C7A4B76226406C360082B9EA /* ChatPresenter.swift */; };
		C7A4B76926406C360082B9EA /* ChatRouter.swift in Sources */ = {isa = PBXBuildFile; fileRef = C7A4B76326406C360082B9EA /* ChatRouter.swift */; };
		C7A4B76A26406C360082B9EA /* ChatViewController.swift in Sources */ = {isa = PBXBuildFile; fileRef = C7A4B76426406C360082B9EA /* ChatViewController.swift */; };
		C7A4B76B26406C360082B9EA /* ChatProtocols.swift in Sources */ = {isa = PBXBuildFile; fileRef = C7A4B76526406C360082B9EA /* ChatProtocols.swift */; };
		C7A4B76C26406C370082B9EA /* ChatInteractor.swift in Sources */ = {isa = PBXBuildFile; fileRef = C7A4B76626406C360082B9EA /* ChatInteractor.swift */; };
		C7A4B76D26406C370082B9EA /* ChatContainer.swift in Sources */ = {isa = PBXBuildFile; fileRef = C7A4B76726406C360082B9EA /* ChatContainer.swift */; };
		C7A4B77826406C6A0082B9EA /* AddPlacePresenter.swift in Sources */ = {isa = PBXBuildFile; fileRef = C7A4B77226406C6A0082B9EA /* AddPlacePresenter.swift */; };
		C7A4B77926406C6A0082B9EA /* AddPlaceRouter.swift in Sources */ = {isa = PBXBuildFile; fileRef = C7A4B77326406C6A0082B9EA /* AddPlaceRouter.swift */; };
		C7A4B77A26406C6A0082B9EA /* AddPlaceViewController.swift in Sources */ = {isa = PBXBuildFile; fileRef = C7A4B77426406C6A0082B9EA /* AddPlaceViewController.swift */; };
		C7A4B77B26406C6A0082B9EA /* AddPlaceProtocols.swift in Sources */ = {isa = PBXBuildFile; fileRef = C7A4B77526406C6A0082B9EA /* AddPlaceProtocols.swift */; };
		C7A4B77C26406C6A0082B9EA /* AddPlaceInteractor.swift in Sources */ = {isa = PBXBuildFile; fileRef = C7A4B77626406C6A0082B9EA /* AddPlaceInteractor.swift */; };
		C7A4B77D26406C6A0082B9EA /* AddPlaceContainer.swift in Sources */ = {isa = PBXBuildFile; fileRef = C7A4B77726406C6A0082B9EA /* AddPlaceContainer.swift */; };
		C7B3C2692666AC5D001B90A4 /* Trip.swift in Sources */ = {isa = PBXBuildFile; fileRef = C7B3C2682666AC5D001B90A4 /* Trip.swift */; };
		C7B3C26D2666AC68001B90A4 /* User.swift in Sources */ = {isa = PBXBuildFile; fileRef = C7B3C26C2666AC68001B90A4 /* User.swift */; };
		C7B3C2702666AC71001B90A4 /* Place.swift in Sources */ = {isa = PBXBuildFile; fileRef = C7B3C26F2666AC71001B90A4 /* Place.swift */; };
		C7BFCE33260D42BE00AFADCC /* AppDelegate.swift in Sources */ = {isa = PBXBuildFile; fileRef = C7BFCE32260D42BE00AFADCC /* AppDelegate.swift */; };
		C7BFCE35260D42BE00AFADCC /* SceneDelegate.swift in Sources */ = {isa = PBXBuildFile; fileRef = C7BFCE34260D42BE00AFADCC /* SceneDelegate.swift */; };
		C7BFCE3C260D42C100AFADCC /* Assets.xcassets in Resources */ = {isa = PBXBuildFile; fileRef = C7BFCE3B260D42C100AFADCC /* Assets.xcassets */; };
		C7BFCE3F260D42C100AFADCC /* LaunchScreen.storyboard in Resources */ = {isa = PBXBuildFile; fileRef = C7BFCE3D260D42C100AFADCC /* LaunchScreen.storyboard */; };
		C7C5DE17266A9B9F00A92971 /* AnotherProfilePresenter.swift in Sources */ = {isa = PBXBuildFile; fileRef = C7C5DE11266A9B9F00A92971 /* AnotherProfilePresenter.swift */; };
		C7C5DE18266A9B9F00A92971 /* AnotherProfileRouter.swift in Sources */ = {isa = PBXBuildFile; fileRef = C7C5DE12266A9B9F00A92971 /* AnotherProfileRouter.swift */; };
		C7C5DE19266A9B9F00A92971 /* AnotherProfileViewController.swift in Sources */ = {isa = PBXBuildFile; fileRef = C7C5DE13266A9B9F00A92971 /* AnotherProfileViewController.swift */; };
		C7C5DE1A266A9B9F00A92971 /* AnotherProfileProtocols.swift in Sources */ = {isa = PBXBuildFile; fileRef = C7C5DE14266A9B9F00A92971 /* AnotherProfileProtocols.swift */; };
		C7C5DE1B266A9B9F00A92971 /* AnotherProfileInteractor.swift in Sources */ = {isa = PBXBuildFile; fileRef = C7C5DE15266A9B9F00A92971 /* AnotherProfileInteractor.swift */; };
		C7C5DE1C266A9B9F00A92971 /* AnotherProfileContainer.swift in Sources */ = {isa = PBXBuildFile; fileRef = C7C5DE16266A9B9F00A92971 /* AnotherProfileContainer.swift */; };
		C7CFDD022666D4D000C428DD /* GoogleService-Info.plist in Resources */ = {isa = PBXBuildFile; fileRef = C7CFDD012666D4D000C428DD /* GoogleService-Info.plist */; };
/* End PBXBuildFile section */

/* Begin PBXFileReference section */
		4514AF2FB7F91074E3B9BBE2 /* Pods-uTravel.debug.xcconfig */ = {isa = PBXFileReference; includeInIndex = 1; lastKnownFileType = text.xcconfig; name = "Pods-uTravel.debug.xcconfig"; path = "Target Support Files/Pods-uTravel/Pods-uTravel.debug.xcconfig"; sourceTree = "<group>"; };
		AD54DC9CDCA38F333014CD11 /* Pods-uTravel.release.xcconfig */ = {isa = PBXFileReference; includeInIndex = 1; lastKnownFileType = text.xcconfig; name = "Pods-uTravel.release.xcconfig"; path = "Target Support Files/Pods-uTravel/Pods-uTravel.release.xcconfig"; sourceTree = "<group>"; };
		C71ABEC226683E6100A12052 /* LoadingViewController.swift */ = {isa = PBXFileReference; lastKnownFileType = sourcecode.swift; path = LoadingViewController.swift; sourceTree = "<group>"; };
		C71ABEC9266998CA00A12052 /* PlaceDetailPresenter.swift */ = {isa = PBXFileReference; lastKnownFileType = sourcecode.swift; path = PlaceDetailPresenter.swift; sourceTree = "<group>"; };
		C71ABECA266998CA00A12052 /* PlaceDetailRouter.swift */ = {isa = PBXFileReference; lastKnownFileType = sourcecode.swift; path = PlaceDetailRouter.swift; sourceTree = "<group>"; };
		C71ABECB266998CA00A12052 /* PlaceDetailViewController.swift */ = {isa = PBXFileReference; lastKnownFileType = sourcecode.swift; path = PlaceDetailViewController.swift; sourceTree = "<group>"; };
		C71ABECC266998CA00A12052 /* PlaceDetailProtocols.swift */ = {isa = PBXFileReference; lastKnownFileType = sourcecode.swift; path = PlaceDetailProtocols.swift; sourceTree = "<group>"; };
		C71ABECD266998CA00A12052 /* PlaceDetailInteractor.swift */ = {isa = PBXFileReference; lastKnownFileType = sourcecode.swift; path = PlaceDetailInteractor.swift; sourceTree = "<group>"; };
		C71ABECE266998CA00A12052 /* PlaceDetailContainer.swift */ = {isa = PBXFileReference; lastKnownFileType = sourcecode.swift; path = PlaceDetailContainer.swift; sourceTree = "<group>"; };
		C71ABED9266A4CCE00A12052 /* TravelDetailCollectionViewPlaceCell.swift */ = {isa = PBXFileReference; lastKnownFileType = sourcecode.swift; path = TravelDetailCollectionViewPlaceCell.swift; sourceTree = "<group>"; };
		C71ABEE2266A507A00A12052 /* SearchUsersPresenter.swift */ = {isa = PBXFileReference; lastKnownFileType = sourcecode.swift; path = SearchUsersPresenter.swift; sourceTree = "<group>"; };
		C71ABEE3266A507A00A12052 /* SearchUsersRouter.swift */ = {isa = PBXFileReference; lastKnownFileType = sourcecode.swift; path = SearchUsersRouter.swift; sourceTree = "<group>"; };
		C71ABEE4266A507A00A12052 /* SearchUsersViewController.swift */ = {isa = PBXFileReference; lastKnownFileType = sourcecode.swift; path = SearchUsersViewController.swift; sourceTree = "<group>"; };
		C71ABEE5266A507A00A12052 /* SearchUsersProtocols.swift */ = {isa = PBXFileReference; lastKnownFileType = sourcecode.swift; path = SearchUsersProtocols.swift; sourceTree = "<group>"; };
		C71ABEE6266A507A00A12052 /* SearchUsersInteractor.swift */ = {isa = PBXFileReference; lastKnownFileType = sourcecode.swift; path = SearchUsersInteractor.swift; sourceTree = "<group>"; };
		C71ABEE7266A507A00A12052 /* SearchUsersContainer.swift */ = {isa = PBXFileReference; lastKnownFileType = sourcecode.swift; path = SearchUsersContainer.swift; sourceTree = "<group>"; };
		C71ABF00266A517800A12052 /* SearchUsersCollectionViewUserCell.swift */ = {isa = PBXFileReference; lastKnownFileType = sourcecode.swift; path = SearchUsersCollectionViewUserCell.swift; sourceTree = "<group>"; };
		C72375BC262E0BC1001DB744 /* LoginPresenter.swift */ = {isa = PBXFileReference; lastKnownFileType = sourcecode.swift; path = LoginPresenter.swift; sourceTree = "<group>"; };
		C72375BD262E0BC1001DB744 /* LoginRouter.swift */ = {isa = PBXFileReference; lastKnownFileType = sourcecode.swift; path = LoginRouter.swift; sourceTree = "<group>"; };
		C72375BE262E0BC1001DB744 /* LoginViewController.swift */ = {isa = PBXFileReference; lastKnownFileType = sourcecode.swift; path = LoginViewController.swift; sourceTree = "<group>"; };
		C72375BF262E0BC1001DB744 /* LoginProtocols.swift */ = {isa = PBXFileReference; lastKnownFileType = sourcecode.swift; path = LoginProtocols.swift; sourceTree = "<group>"; };
		C72375C0262E0BC1001DB744 /* LoginInteractor.swift */ = {isa = PBXFileReference; lastKnownFileType = sourcecode.swift; path = LoginInteractor.swift; sourceTree = "<group>"; };
		C72375C1262E0BC1001DB744 /* LoginContainer.swift */ = {isa = PBXFileReference; lastKnownFileType = sourcecode.swift; path = LoginContainer.swift; sourceTree = "<group>"; };
		C72375E3262E3DAB001DB744 /* Main.storyboard */ = {isa = PBXFileReference; lastKnownFileType = file.storyboard; path = Main.storyboard; sourceTree = "<group>"; };
		C7239748263F341E00F5DB0E /* TravelCollectionViewCell.swift */ = {isa = PBXFileReference; lastKnownFileType = sourcecode.swift; path = TravelCollectionViewCell.swift; sourceTree = "<group>"; };
		C72858D7266171E600C63905 /* LocationPresenter.swift */ = {isa = PBXFileReference; lastKnownFileType = sourcecode.swift; path = LocationPresenter.swift; sourceTree = "<group>"; };
		C72858D8266171E600C63905 /* LocationRouter.swift */ = {isa = PBXFileReference; lastKnownFileType = sourcecode.swift; path = LocationRouter.swift; sourceTree = "<group>"; };
		C72858D9266171E600C63905 /* LocationViewController.swift */ = {isa = PBXFileReference; lastKnownFileType = sourcecode.swift; path = LocationViewController.swift; sourceTree = "<group>"; };
		C72858DA266171E600C63905 /* LocationProtocols.swift */ = {isa = PBXFileReference; lastKnownFileType = sourcecode.swift; path = LocationProtocols.swift; sourceTree = "<group>"; };
		C72858DB266171E600C63905 /* LocationInteractor.swift */ = {isa = PBXFileReference; lastKnownFileType = sourcecode.swift; path = LocationInteractor.swift; sourceTree = "<group>"; };
		C72858DC266171E600C63905 /* LocationContainer.swift */ = {isa = PBXFileReference; lastKnownFileType = sourcecode.swift; path = LocationContainer.swift; sourceTree = "<group>"; };
		C72858E626617F4600C63905 /* SearchResultsController.swift */ = {isa = PBXFileReference; lastKnownFileType = sourcecode.swift; path = SearchResultsController.swift; sourceTree = "<group>"; };
		C764AB4626374B9A00C4331D /* ExplorePresenter.swift */ = {isa = PBXFileReference; lastKnownFileType = sourcecode.swift; path = ExplorePresenter.swift; sourceTree = "<group>"; };
		C764AB4726374B9A00C4331D /* ExploreRouter.swift */ = {isa = PBXFileReference; lastKnownFileType = sourcecode.swift; path = ExploreRouter.swift; sourceTree = "<group>"; };
		C764AB4826374B9A00C4331D /* ExploreViewController.swift */ = {isa = PBXFileReference; lastKnownFileType = sourcecode.swift; path = ExploreViewController.swift; sourceTree = "<group>"; };
		C764AB4926374B9A00C4331D /* ExploreProtocols.swift */ = {isa = PBXFileReference; lastKnownFileType = sourcecode.swift; path = ExploreProtocols.swift; sourceTree = "<group>"; };
		C764AB4A26374B9A00C4331D /* ExploreInteractor.swift */ = {isa = PBXFileReference; lastKnownFileType = sourcecode.swift; path = ExploreInteractor.swift; sourceTree = "<group>"; };
		C764AB4B26374B9A00C4331D /* ExploreContainer.swift */ = {isa = PBXFileReference; lastKnownFileType = sourcecode.swift; path = ExploreContainer.swift; sourceTree = "<group>"; };
		C764AB5426374C0A00C4331D /* ProfilePresenter.swift */ = {isa = PBXFileReference; lastKnownFileType = sourcecode.swift; path = ProfilePresenter.swift; sourceTree = "<group>"; };
		C764AB5526374C0A00C4331D /* ProfileRouter.swift */ = {isa = PBXFileReference; lastKnownFileType = sourcecode.swift; path = ProfileRouter.swift; sourceTree = "<group>"; };
		C764AB5626374C0A00C4331D /* ProfileViewController.swift */ = {isa = PBXFileReference; lastKnownFileType = sourcecode.swift; path = ProfileViewController.swift; sourceTree = "<group>"; };
		C764AB5726374C0A00C4331D /* ProfileProtocols.swift */ = {isa = PBXFileReference; lastKnownFileType = sourcecode.swift; path = ProfileProtocols.swift; sourceTree = "<group>"; };
		C764AB5826374C0A00C4331D /* ProfileInteractor.swift */ = {isa = PBXFileReference; lastKnownFileType = sourcecode.swift; path = ProfileInteractor.swift; sourceTree = "<group>"; };
		C764AB5926374C0A00C4331D /* ProfileContainer.swift */ = {isa = PBXFileReference; lastKnownFileType = sourcecode.swift; path = ProfileContainer.swift; sourceTree = "<group>"; };
		C764AB7F26374DD500C4331D /* AddTravelPresenter.swift */ = {isa = PBXFileReference; lastKnownFileType = sourcecode.swift; path = AddTravelPresenter.swift; sourceTree = "<group>"; };
		C764AB8026374DD500C4331D /* AddTravelRouter.swift */ = {isa = PBXFileReference; lastKnownFileType = sourcecode.swift; path = AddTravelRouter.swift; sourceTree = "<group>"; };
		C764AB8126374DD500C4331D /* AddTravelViewController.swift */ = {isa = PBXFileReference; lastKnownFileType = sourcecode.swift; path = AddTravelViewController.swift; sourceTree = "<group>"; };
		C764AB8226374DD500C4331D /* AddTravelProtocols.swift */ = {isa = PBXFileReference; lastKnownFileType = sourcecode.swift; path = AddTravelProtocols.swift; sourceTree = "<group>"; };
		C764AB8326374DD500C4331D /* AddTravelInteractor.swift */ = {isa = PBXFileReference; lastKnownFileType = sourcecode.swift; path = AddTravelInteractor.swift; sourceTree = "<group>"; };
		C764AB8426374DD500C4331D /* AddTravelContainer.swift */ = {isa = PBXFileReference; lastKnownFileType = sourcecode.swift; path = AddTravelContainer.swift; sourceTree = "<group>"; };
		C764AB8F2637530F00C4331D /* ProfileSettingsPresenter.swift */ = {isa = PBXFileReference; lastKnownFileType = sourcecode.swift; path = ProfileSettingsPresenter.swift; sourceTree = "<group>"; };
		C764AB902637530F00C4331D /* ProfileSettingsRouter.swift */ = {isa = PBXFileReference; lastKnownFileType = sourcecode.swift; path = ProfileSettingsRouter.swift; sourceTree = "<group>"; };
		C764AB912637530F00C4331D /* ProfileSettingsViewController.swift */ = {isa = PBXFileReference; lastKnownFileType = sourcecode.swift; path = ProfileSettingsViewController.swift; sourceTree = "<group>"; };
		C764AB922637530F00C4331D /* ProfileSettingsProtocols.swift */ = {isa = PBXFileReference; lastKnownFileType = sourcecode.swift; path = ProfileSettingsProtocols.swift; sourceTree = "<group>"; };
		C764AB932637530F00C4331D /* ProfileSettingsInteractor.swift */ = {isa = PBXFileReference; lastKnownFileType = sourcecode.swift; path = ProfileSettingsInteractor.swift; sourceTree = "<group>"; };
		C764AB942637530F00C4331D /* ProfileSettingsContainer.swift */ = {isa = PBXFileReference; lastKnownFileType = sourcecode.swift; path = ProfileSettingsContainer.swift; sourceTree = "<group>"; };
		C771D4F926408210005947E6 /* ImagePicker.swift */ = {isa = PBXFileReference; lastKnownFileType = sourcecode.swift; path = ImagePicker.swift; sourceTree = "<group>"; };
		C77E140726417AE50015B750 /* AddTravelCollectionViewPlaceCell.swift */ = {isa = PBXFileReference; lastKnownFileType = sourcecode.swift; path = AddTravelCollectionViewPlaceCell.swift; sourceTree = "<group>"; };
		C77E140C2641DC1D0015B750 /* TravelPost.swift */ = {isa = PBXFileReference; lastKnownFileType = sourcecode.swift; path = TravelPost.swift; sourceTree = "<group>"; };
		C77E14122643046F0015B750 /* TravelPostManager.swift */ = {isa = PBXFileReference; lastKnownFileType = sourcecode.swift; path = TravelPostManager.swift; sourceTree = "<group>"; };
		C77E1418264310F30015B750 /* TravelPostViewModel.swift */ = {isa = PBXFileReference; lastKnownFileType = sourcecode.swift; path = TravelPostViewModel.swift; sourceTree = "<group>"; };
		C77E141B264337210015B750 /* ImageLoader.swift */ = {isa = PBXFileReference; lastKnownFileType = sourcecode.swift; path = ImageLoader.swift; sourceTree = "<group>"; };
		C78115AF2637699D008E8D92 /* TravelCollectionViewExploreCell.swift */ = {isa = PBXFileReference; lastKnownFileType = sourcecode.swift; path = TravelCollectionViewExploreCell.swift; sourceTree = "<group>"; };
		C78115E92637947A008E8D92 /* TravelDetailPresenter.swift */ = {isa = PBXFileReference; lastKnownFileType = sourcecode.swift; path = TravelDetailPresenter.swift; sourceTree = "<group>"; };
		C78115EA2637947A008E8D92 /* TravelDetailRouter.swift */ = {isa = PBXFileReference; lastKnownFileType = sourcecode.swift; path = TravelDetailRouter.swift; sourceTree = "<group>"; };
		C78115EB2637947A008E8D92 /* TravelDetailViewController.swift */ = {isa = PBXFileReference; lastKnownFileType = sourcecode.swift; path = TravelDetailViewController.swift; sourceTree = "<group>"; };
		C78115EC2637947A008E8D92 /* TravelDetailProtocols.swift */ = {isa = PBXFileReference; lastKnownFileType = sourcecode.swift; path = TravelDetailProtocols.swift; sourceTree = "<group>"; };
		C78115ED2637947A008E8D92 /* TravelDetailInteractor.swift */ = {isa = PBXFileReference; lastKnownFileType = sourcecode.swift; path = TravelDetailInteractor.swift; sourceTree = "<group>"; };
		C78115EE2637947A008E8D92 /* TravelDetailContainer.swift */ = {isa = PBXFileReference; lastKnownFileType = sourcecode.swift; path = TravelDetailContainer.swift; sourceTree = "<group>"; };
		C79FE6D12636E4ED003AAA91 /* MainPresenter.swift */ = {isa = PBXFileReference; lastKnownFileType = sourcecode.swift; path = MainPresenter.swift; sourceTree = "<group>"; };
		C79FE6D22636E4ED003AAA91 /* MainRouter.swift */ = {isa = PBXFileReference; lastKnownFileType = sourcecode.swift; path = MainRouter.swift; sourceTree = "<group>"; };
		C79FE6D32636E4ED003AAA91 /* MainTabBarController.swift */ = {isa = PBXFileReference; lastKnownFileType = sourcecode.swift; path = MainTabBarController.swift; sourceTree = "<group>"; };
		C79FE6D42636E4ED003AAA91 /* MainProtocols.swift */ = {isa = PBXFileReference; lastKnownFileType = sourcecode.swift; path = MainProtocols.swift; sourceTree = "<group>"; };
		C79FE6D52636E4ED003AAA91 /* MainInteractor.swift */ = {isa = PBXFileReference; lastKnownFileType = sourcecode.swift; path = MainInteractor.swift; sourceTree = "<group>"; };
		C79FE6D62636E4ED003AAA91 /* MainContainer.swift */ = {isa = PBXFileReference; lastKnownFileType = sourcecode.swift; path = MainContainer.swift; sourceTree = "<group>"; };
		C79FE72F26372743003AAA91 /* RegistrationPresenter.swift */ = {isa = PBXFileReference; lastKnownFileType = sourcecode.swift; path = RegistrationPresenter.swift; sourceTree = "<group>"; };
		C79FE73026372743003AAA91 /* RegistrationRouter.swift */ = {isa = PBXFileReference; lastKnownFileType = sourcecode.swift; path = RegistrationRouter.swift; sourceTree = "<group>"; };
		C79FE73126372743003AAA91 /* RegistrationViewController.swift */ = {isa = PBXFileReference; lastKnownFileType = sourcecode.swift; path = RegistrationViewController.swift; sourceTree = "<group>"; };
		C79FE73226372743003AAA91 /* RegistrationProtocols.swift */ = {isa = PBXFileReference; lastKnownFileType = sourcecode.swift; path = RegistrationProtocols.swift; sourceTree = "<group>"; };
		C79FE73326372743003AAA91 /* RegistrationInteractor.swift */ = {isa = PBXFileReference; lastKnownFileType = sourcecode.swift; path = RegistrationInteractor.swift; sourceTree = "<group>"; };
		C79FE73426372743003AAA91 /* RegistrationContainer.swift */ = {isa = PBXFileReference; lastKnownFileType = sourcecode.swift; path = RegistrationContainer.swift; sourceTree = "<group>"; };
		C79FE74026374332003AAA91 /* utils.swift */ = {isa = PBXFileReference; lastKnownFileType = sourcecode.swift; path = utils.swift; sourceTree = "<group>"; };
		C7A4B75226406B840082B9EA /* NotificationPresenter.swift */ = {isa = PBXFileReference; lastKnownFileType = sourcecode.swift; path = NotificationPresenter.swift; sourceTree = "<group>"; };
		C7A4B75326406B840082B9EA /* NotificationRouter.swift */ = {isa = PBXFileReference; lastKnownFileType = sourcecode.swift; path = NotificationRouter.swift; sourceTree = "<group>"; };
		C7A4B75426406B840082B9EA /* NotificationViewController.swift */ = {isa = PBXFileReference; lastKnownFileType = sourcecode.swift; path = NotificationViewController.swift; sourceTree = "<group>"; };
		C7A4B75526406B840082B9EA /* NotificationProtocols.swift */ = {isa = PBXFileReference; lastKnownFileType = sourcecode.swift; path = NotificationProtocols.swift; sourceTree = "<group>"; };
		C7A4B75626406B840082B9EA /* NotificationInteractor.swift */ = {isa = PBXFileReference; lastKnownFileType = sourcecode.swift; path = NotificationInteractor.swift; sourceTree = "<group>"; };
		C7A4B75726406B840082B9EA /* NotificationContainer.swift */ = {isa = PBXFileReference; lastKnownFileType = sourcecode.swift; path = NotificationContainer.swift; sourceTree = "<group>"; };
		C7A4B76226406C360082B9EA /* ChatPresenter.swift */ = {isa = PBXFileReference; lastKnownFileType = sourcecode.swift; path = ChatPresenter.swift; sourceTree = "<group>"; };
		C7A4B76326406C360082B9EA /* ChatRouter.swift */ = {isa = PBXFileReference; lastKnownFileType = sourcecode.swift; path = ChatRouter.swift; sourceTree = "<group>"; };
		C7A4B76426406C360082B9EA /* ChatViewController.swift */ = {isa = PBXFileReference; lastKnownFileType = sourcecode.swift; path = ChatViewController.swift; sourceTree = "<group>"; };
		C7A4B76526406C360082B9EA /* ChatProtocols.swift */ = {isa = PBXFileReference; lastKnownFileType = sourcecode.swift; path = ChatProtocols.swift; sourceTree = "<group>"; };
		C7A4B76626406C360082B9EA /* ChatInteractor.swift */ = {isa = PBXFileReference; lastKnownFileType = sourcecode.swift; path = ChatInteractor.swift; sourceTree = "<group>"; };
		C7A4B76726406C360082B9EA /* ChatContainer.swift */ = {isa = PBXFileReference; lastKnownFileType = sourcecode.swift; path = ChatContainer.swift; sourceTree = "<group>"; };
		C7A4B77226406C6A0082B9EA /* AddPlacePresenter.swift */ = {isa = PBXFileReference; lastKnownFileType = sourcecode.swift; path = AddPlacePresenter.swift; sourceTree = "<group>"; };
		C7A4B77326406C6A0082B9EA /* AddPlaceRouter.swift */ = {isa = PBXFileReference; lastKnownFileType = sourcecode.swift; path = AddPlaceRouter.swift; sourceTree = "<group>"; };
		C7A4B77426406C6A0082B9EA /* AddPlaceViewController.swift */ = {isa = PBXFileReference; lastKnownFileType = sourcecode.swift; path = AddPlaceViewController.swift; sourceTree = "<group>"; };
		C7A4B77526406C6A0082B9EA /* AddPlaceProtocols.swift */ = {isa = PBXFileReference; lastKnownFileType = sourcecode.swift; path = AddPlaceProtocols.swift; sourceTree = "<group>"; };
		C7A4B77626406C6A0082B9EA /* AddPlaceInteractor.swift */ = {isa = PBXFileReference; lastKnownFileType = sourcecode.swift; path = AddPlaceInteractor.swift; sourceTree = "<group>"; };
		C7A4B77726406C6A0082B9EA /* AddPlaceContainer.swift */ = {isa = PBXFileReference; lastKnownFileType = sourcecode.swift; path = AddPlaceContainer.swift; sourceTree = "<group>"; };
		C7B3C2682666AC5D001B90A4 /* Trip.swift */ = {isa = PBXFileReference; lastKnownFileType = sourcecode.swift; path = Trip.swift; sourceTree = "<group>"; };
		C7B3C26C2666AC68001B90A4 /* User.swift */ = {isa = PBXFileReference; lastKnownFileType = sourcecode.swift; path = User.swift; sourceTree = "<group>"; };
		C7B3C26F2666AC71001B90A4 /* Place.swift */ = {isa = PBXFileReference; lastKnownFileType = sourcecode.swift; path = Place.swift; sourceTree = "<group>"; };
		C7BFCE2F260D42BE00AFADCC /* uTravel.app */ = {isa = PBXFileReference; explicitFileType = wrapper.application; includeInIndex = 0; path = uTravel.app; sourceTree = BUILT_PRODUCTS_DIR; };
		C7BFCE32260D42BE00AFADCC /* AppDelegate.swift */ = {isa = PBXFileReference; lastKnownFileType = sourcecode.swift; path = AppDelegate.swift; sourceTree = "<group>"; };
		C7BFCE34260D42BE00AFADCC /* SceneDelegate.swift */ = {isa = PBXFileReference; lastKnownFileType = sourcecode.swift; path = SceneDelegate.swift; sourceTree = "<group>"; };
		C7BFCE3B260D42C100AFADCC /* Assets.xcassets */ = {isa = PBXFileReference; lastKnownFileType = folder.assetcatalog; path = Assets.xcassets; sourceTree = "<group>"; };
		C7BFCE3E260D42C100AFADCC /* Base */ = {isa = PBXFileReference; lastKnownFileType = file.storyboard; name = Base; path = Base.lproj/LaunchScreen.storyboard; sourceTree = "<group>"; };
		C7BFCE40260D42C100AFADCC /* Info.plist */ = {isa = PBXFileReference; lastKnownFileType = text.plist.xml; path = Info.plist; sourceTree = "<group>"; };
		C7C5DE11266A9B9F00A92971 /* AnotherProfilePresenter.swift */ = {isa = PBXFileReference; lastKnownFileType = sourcecode.swift; path = AnotherProfilePresenter.swift; sourceTree = "<group>"; };
		C7C5DE12266A9B9F00A92971 /* AnotherProfileRouter.swift */ = {isa = PBXFileReference; lastKnownFileType = sourcecode.swift; path = AnotherProfileRouter.swift; sourceTree = "<group>"; };
		C7C5DE13266A9B9F00A92971 /* AnotherProfileViewController.swift */ = {isa = PBXFileReference; lastKnownFileType = sourcecode.swift; path = AnotherProfileViewController.swift; sourceTree = "<group>"; };
		C7C5DE14266A9B9F00A92971 /* AnotherProfileProtocols.swift */ = {isa = PBXFileReference; lastKnownFileType = sourcecode.swift; path = AnotherProfileProtocols.swift; sourceTree = "<group>"; };
		C7C5DE15266A9B9F00A92971 /* AnotherProfileInteractor.swift */ = {isa = PBXFileReference; lastKnownFileType = sourcecode.swift; path = AnotherProfileInteractor.swift; sourceTree = "<group>"; };
		C7C5DE16266A9B9F00A92971 /* AnotherProfileContainer.swift */ = {isa = PBXFileReference; lastKnownFileType = sourcecode.swift; path = AnotherProfileContainer.swift; sourceTree = "<group>"; };
		C7CFDD012666D4D000C428DD /* GoogleService-Info.plist */ = {isa = PBXFileReference; fileEncoding = 4; lastKnownFileType = text.plist.xml; name = "GoogleService-Info.plist"; path = "../../../../Downloads/GoogleService-Info.plist"; sourceTree = "<group>"; };
		ECDB22D428A338BA2706F10C /* Pods_uTravel.framework */ = {isa = PBXFileReference; explicitFileType = wrapper.framework; includeInIndex = 0; path = Pods_uTravel.framework; sourceTree = BUILT_PRODUCTS_DIR; };
/* End PBXFileReference section */

/* Begin PBXFrameworksBuildPhase section */
		C7BFCE2C260D42BE00AFADCC /* Frameworks */ = {
			isa = PBXFrameworksBuildPhase;
			buildActionMask = 2147483647;
			files = (
				14455B7EA7BBBE5B4E2457A5 /* Pods_uTravel.framework in Frameworks */,
			);
			runOnlyForDeploymentPostprocessing = 0;
		};
/* End PBXFrameworksBuildPhase section */

/* Begin PBXGroup section */
		44DE8CCE71AB0D0AAD77CB92 /* Frameworks */ = {
			isa = PBXGroup;
			children = (
				ECDB22D428A338BA2706F10C /* Pods_uTravel.framework */,
			);
			name = Frameworks;
			sourceTree = "<group>";
		};
		7B72E7400082CB5B36D83E06 /* Pods */ = {
			isa = PBXGroup;
			children = (
				4514AF2FB7F91074E3B9BBE2 /* Pods-uTravel.debug.xcconfig */,
				AD54DC9CDCA38F333014CD11 /* Pods-uTravel.release.xcconfig */,
			);
			path = Pods;
			sourceTree = "<group>";
		};
		C71ABEC8266998B500A12052 /* PlaceDetail-Page */ = {
			isa = PBXGroup;
			children = (
				C71ABEC9266998CA00A12052 /* PlaceDetailPresenter.swift */,
				C71ABECA266998CA00A12052 /* PlaceDetailRouter.swift */,
				C71ABECB266998CA00A12052 /* PlaceDetailViewController.swift */,
				C71ABECC266998CA00A12052 /* PlaceDetailProtocols.swift */,
				C71ABECD266998CA00A12052 /* PlaceDetailInteractor.swift */,
				C71ABECE266998CA00A12052 /* PlaceDetailContainer.swift */,
			);
			path = "PlaceDetail-Page";
			sourceTree = "<group>";
		};
		C71ABED8266A4CB700A12052 /* Cell */ = {
			isa = PBXGroup;
			children = (
				C71ABED9266A4CCE00A12052 /* TravelDetailCollectionViewPlaceCell.swift */,
			);
			path = Cell;
			sourceTree = "<group>";
		};
		C71ABEDC266A504900A12052 /* SearchUsers-Page */ = {
			isa = PBXGroup;
			children = (
				C71ABF03266A517D00A12052 /* Cell */,
				C71ABEE2266A507A00A12052 /* SearchUsersPresenter.swift */,
				C71ABEE3266A507A00A12052 /* SearchUsersRouter.swift */,
				C71ABEE4266A507A00A12052 /* SearchUsersViewController.swift */,
				C71ABEE5266A507A00A12052 /* SearchUsersProtocols.swift */,
				C71ABEE6266A507A00A12052 /* SearchUsersInteractor.swift */,
				C71ABEE7266A507A00A12052 /* SearchUsersContainer.swift */,
			);
			path = "SearchUsers-Page";
			sourceTree = "<group>";
		};
		C71ABF03266A517D00A12052 /* Cell */ = {
			isa = PBXGroup;
			children = (
				C71ABF00266A517800A12052 /* SearchUsersCollectionViewUserCell.swift */,
			);
			path = Cell;
			sourceTree = "<group>";
		};
		C72375BA262E0B8D001DB744 /* Modules */ = {
			isa = PBXGroup;
			children = (
				C7B3C26726669F8E001B90A4 /* Models */,
				C764AB8C2637523900C4331D /* Welcome */,
				C79FE6D02636E4D4003AAA91 /* MainTabBar */,
			);
			path = Modules;
			sourceTree = "<group>";
		};
		C72375BB262E0B9B001DB744 /* Login-Page */ = {
			isa = PBXGroup;
			children = (
				C72375BC262E0BC1001DB744 /* LoginPresenter.swift */,
				C72375BD262E0BC1001DB744 /* LoginRouter.swift */,
				C72375BE262E0BC1001DB744 /* LoginViewController.swift */,
				C72375BF262E0BC1001DB744 /* LoginProtocols.swift */,
				C72375C0262E0BC1001DB744 /* LoginInteractor.swift */,
				C72375C1262E0BC1001DB744 /* LoginContainer.swift */,
			);
			path = "Login-Page";
			sourceTree = "<group>";
		};
		C7239747263F33FE00F5DB0E /* Cell */ = {
			isa = PBXGroup;
			children = (
				C7239748263F341E00F5DB0E /* TravelCollectionViewCell.swift */,
			);
			path = Cell;
			sourceTree = "<group>";
		};
		C72858D6266171C200C63905 /* Location-Page */ = {
			isa = PBXGroup;
			children = (
				C72858D7266171E600C63905 /* LocationPresenter.swift */,
				C72858D8266171E600C63905 /* LocationRouter.swift */,
				C72858D9266171E600C63905 /* LocationViewController.swift */,
				C72858DA266171E600C63905 /* LocationProtocols.swift */,
				C72858DB266171E600C63905 /* LocationInteractor.swift */,
				C72858DC266171E600C63905 /* LocationContainer.swift */,
				C72858E626617F4600C63905 /* SearchResultsController.swift */,
			);
			path = "Location-Page";
			sourceTree = "<group>";
		};
		C764AB36263749EE00C4331D /* Explore-Page */ = {
			isa = PBXGroup;
			children = (
				C78115AD2637696C008E8D92 /* Cell */,
				C764AB4626374B9A00C4331D /* ExplorePresenter.swift */,
				C764AB4726374B9A00C4331D /* ExploreRouter.swift */,
				C764AB4826374B9A00C4331D /* ExploreViewController.swift */,
				C764AB4926374B9A00C4331D /* ExploreProtocols.swift */,
				C764AB4A26374B9A00C4331D /* ExploreInteractor.swift */,
				C764AB4B26374B9A00C4331D /* ExploreContainer.swift */,
			);
			path = "Explore-Page";
			sourceTree = "<group>";
		};
		C764AB5326374BFA00C4331D /* Profile-Page */ = {
			isa = PBXGroup;
			children = (
				C7239747263F33FE00F5DB0E /* Cell */,
				C764AB5426374C0A00C4331D /* ProfilePresenter.swift */,
				C764AB5526374C0A00C4331D /* ProfileRouter.swift */,
				C764AB5626374C0A00C4331D /* ProfileViewController.swift */,
				C764AB5726374C0A00C4331D /* ProfileProtocols.swift */,
				C764AB5826374C0A00C4331D /* ProfileInteractor.swift */,
				C764AB5926374C0A00C4331D /* ProfileContainer.swift */,
			);
			path = "Profile-Page";
			sourceTree = "<group>";
		};
		C764AB6126374C5300C4331D /* AddTravel-Page */ = {
			isa = PBXGroup;
			children = (
				C77E14122643046F0015B750 /* TravelPostManager.swift */,
				C77E140B2641DC010015B750 /* Models */,
				C77E13FA26416D090015B750 /* Cell */,
				C764AB7F26374DD500C4331D /* AddTravelPresenter.swift */,
				C764AB8026374DD500C4331D /* AddTravelRouter.swift */,
				C764AB8126374DD500C4331D /* AddTravelViewController.swift */,
				C764AB8226374DD500C4331D /* AddTravelProtocols.swift */,
				C764AB8326374DD500C4331D /* AddTravelInteractor.swift */,
				C764AB8426374DD500C4331D /* AddTravelContainer.swift */,
			);
			path = "AddTravel-Page";
			sourceTree = "<group>";
		};
		C764AB8C2637523900C4331D /* Welcome */ = {
			isa = PBXGroup;
			children = (
				C79FE72E2637272A003AAA91 /* Registration-Page */,
				C72375BB262E0B9B001DB744 /* Login-Page */,
			);
			path = Welcome;
			sourceTree = "<group>";
		};
		C764AB8E263752F100C4331D /* Profile-Settings-Page */ = {
			isa = PBXGroup;
			children = (
				C764AB8F2637530F00C4331D /* ProfileSettingsPresenter.swift */,
				C764AB902637530F00C4331D /* ProfileSettingsRouter.swift */,
				C764AB912637530F00C4331D /* ProfileSettingsViewController.swift */,
				C764AB922637530F00C4331D /* ProfileSettingsProtocols.swift */,
				C764AB932637530F00C4331D /* ProfileSettingsInteractor.swift */,
				C764AB942637530F00C4331D /* ProfileSettingsContainer.swift */,
			);
			path = "Profile-Settings-Page";
			sourceTree = "<group>";
		};
		C77E13FA26416D090015B750 /* Cell */ = {
			isa = PBXGroup;
			children = (
				C77E140726417AE50015B750 /* AddTravelCollectionViewPlaceCell.swift */,
			);
			path = Cell;
			sourceTree = "<group>";
		};
		C77E140B2641DC010015B750 /* Models */ = {
			isa = PBXGroup;
			children = (
				C77E140C2641DC1D0015B750 /* TravelPost.swift */,
				C77E1418264310F30015B750 /* TravelPostViewModel.swift */,
			);
			path = Models;
			sourceTree = "<group>";
		};
		C78115AD2637696C008E8D92 /* Cell */ = {
			isa = PBXGroup;
			children = (
				C78115AF2637699D008E8D92 /* TravelCollectionViewExploreCell.swift */,
			);
			path = Cell;
			sourceTree = "<group>";
		};
		C78115E82637945C008E8D92 /* TravelDetail-Page */ = {
			isa = PBXGroup;
			children = (
				C71ABED8266A4CB700A12052 /* Cell */,
				C78115E92637947A008E8D92 /* TravelDetailPresenter.swift */,
				C78115EA2637947A008E8D92 /* TravelDetailRouter.swift */,
				C78115EB2637947A008E8D92 /* TravelDetailViewController.swift */,
				C78115EC2637947A008E8D92 /* TravelDetailProtocols.swift */,
				C78115ED2637947A008E8D92 /* TravelDetailInteractor.swift */,
				C78115EE2637947A008E8D92 /* TravelDetailContainer.swift */,
			);
			path = "TravelDetail-Page";
			sourceTree = "<group>";
		};
		C79FE6D02636E4D4003AAA91 /* MainTabBar */ = {
			isa = PBXGroup;
			children = (
				C7A4B76026406BD10082B9EA /* MainTabBar-Page */,
				C7C5DE10266A9B8100A92971 /* AnotherProfile-Page */,
				C71ABEDC266A504900A12052 /* SearchUsers-Page */,
				C764AB36263749EE00C4331D /* Explore-Page */,
				C7A4B75126406B620082B9EA /* Notification-Page */,
				C7A4B76126406C0C0082B9EA /* Chat-Page */,
				C764AB8E263752F100C4331D /* Profile-Settings-Page */,
				C764AB5326374BFA00C4331D /* Profile-Page */,
				C78115E82637945C008E8D92 /* TravelDetail-Page */,
				C71ABEC8266998B500A12052 /* PlaceDetail-Page */,
				C764AB6126374C5300C4331D /* AddTravel-Page */,
				C72858D6266171C200C63905 /* Location-Page */,
				C7A4B77126406C4F0082B9EA /* AddPlace-Page */,
			);
			path = MainTabBar;
			sourceTree = "<group>";
		};
		C79FE72E2637272A003AAA91 /* Registration-Page */ = {
			isa = PBXGroup;
			children = (
				C79FE72F26372743003AAA91 /* RegistrationPresenter.swift */,
				C79FE73026372743003AAA91 /* RegistrationRouter.swift */,
				C79FE73126372743003AAA91 /* RegistrationViewController.swift */,
				C79FE73226372743003AAA91 /* RegistrationProtocols.swift */,
				C79FE73326372743003AAA91 /* RegistrationInteractor.swift */,
				C79FE73426372743003AAA91 /* RegistrationContainer.swift */,
			);
			path = "Registration-Page";
			sourceTree = "<group>";
		};
		C7A4B75126406B620082B9EA /* Notification-Page */ = {
			isa = PBXGroup;
			children = (
				C7A4B75226406B840082B9EA /* NotificationPresenter.swift */,
				C7A4B75326406B840082B9EA /* NotificationRouter.swift */,
				C7A4B75426406B840082B9EA /* NotificationViewController.swift */,
				C7A4B75526406B840082B9EA /* NotificationProtocols.swift */,
				C7A4B75626406B840082B9EA /* NotificationInteractor.swift */,
				C7A4B75726406B840082B9EA /* NotificationContainer.swift */,
			);
			path = "Notification-Page";
			sourceTree = "<group>";
		};
		C7A4B76026406BD10082B9EA /* MainTabBar-Page */ = {
			isa = PBXGroup;
			children = (
				C79FE6D12636E4ED003AAA91 /* MainPresenter.swift */,
				C79FE6D22636E4ED003AAA91 /* MainRouter.swift */,
				C79FE6D32636E4ED003AAA91 /* MainTabBarController.swift */,
				C79FE6D42636E4ED003AAA91 /* MainProtocols.swift */,
				C79FE6D52636E4ED003AAA91 /* MainInteractor.swift */,
				C79FE6D62636E4ED003AAA91 /* MainContainer.swift */,
			);
			path = "MainTabBar-Page";
			sourceTree = "<group>";
		};
		C7A4B76126406C0C0082B9EA /* Chat-Page */ = {
			isa = PBXGroup;
			children = (
				C7A4B76226406C360082B9EA /* ChatPresenter.swift */,
				C7A4B76326406C360082B9EA /* ChatRouter.swift */,
				C7A4B76426406C360082B9EA /* ChatViewController.swift */,
				C7A4B76526406C360082B9EA /* ChatProtocols.swift */,
				C7A4B76626406C360082B9EA /* ChatInteractor.swift */,
				C7A4B76726406C360082B9EA /* ChatContainer.swift */,
			);
			path = "Chat-Page";
			sourceTree = "<group>";
		};
		C7A4B77126406C4F0082B9EA /* AddPlace-Page */ = {
			isa = PBXGroup;
			children = (
				C7A4B77226406C6A0082B9EA /* AddPlacePresenter.swift */,
				C7A4B77326406C6A0082B9EA /* AddPlaceRouter.swift */,
				C7A4B77426406C6A0082B9EA /* AddPlaceViewController.swift */,
				C7A4B77526406C6A0082B9EA /* AddPlaceProtocols.swift */,
				C7A4B77626406C6A0082B9EA /* AddPlaceInteractor.swift */,
				C7A4B77726406C6A0082B9EA /* AddPlaceContainer.swift */,
			);
			path = "AddPlace-Page";
			sourceTree = "<group>";
		};
		C7B3C26726669F8E001B90A4 /* Models */ = {
			isa = PBXGroup;
			children = (
				C7B3C2682666AC5D001B90A4 /* Trip.swift */,
				C7B3C26C2666AC68001B90A4 /* User.swift */,
				C7B3C26F2666AC71001B90A4 /* Place.swift */,
			);
			path = Models;
			sourceTree = "<group>";
		};
		C7BFCE26260D42BE00AFADCC = {
			isa = PBXGroup;
			children = (
				C7BFCE31260D42BE00AFADCC /* uTravel */,
				C7BFCE30260D42BE00AFADCC /* Products */,
				7B72E7400082CB5B36D83E06 /* Pods */,
				44DE8CCE71AB0D0AAD77CB92 /* Frameworks */,
			);
			sourceTree = "<group>";
		};
		C7BFCE30260D42BE00AFADCC /* Products */ = {
			isa = PBXGroup;
			children = (
				C7BFCE2F260D42BE00AFADCC /* uTravel.app */,
			);
			name = Products;
			sourceTree = "<group>";
		};
		C7BFCE31260D42BE00AFADCC /* uTravel */ = {
			isa = PBXGroup;
			children = (
				C72375BA262E0B8D001DB744 /* Modules */,
				C71ABEC226683E6100A12052 /* LoadingViewController.swift */,
				C79FE74026374332003AAA91 /* utils.swift */,
				C7BFCE32260D42BE00AFADCC /* AppDelegate.swift */,
				C7BFCE34260D42BE00AFADCC /* SceneDelegate.swift */,
				C7BFCE3B260D42C100AFADCC /* Assets.xcassets */,
				C7BFCE3D260D42C100AFADCC /* LaunchScreen.storyboard */,
				C7BFCE40260D42C100AFADCC /* Info.plist */,
				C72375E3262E3DAB001DB744 /* Main.storyboard */,
				C771D4F926408210005947E6 /* ImagePicker.swift */,
				C77E141B264337210015B750 /* ImageLoader.swift */,
				C7CFDD012666D4D000C428DD /* GoogleService-Info.plist */,
			);
			path = uTravel;
			sourceTree = "<group>";
		};
		C7C5DE10266A9B8100A92971 /* AnotherProfile-Page */ = {
			isa = PBXGroup;
			children = (
				C7C5DE11266A9B9F00A92971 /* AnotherProfilePresenter.swift */,
				C7C5DE12266A9B9F00A92971 /* AnotherProfileRouter.swift */,
				C7C5DE13266A9B9F00A92971 /* AnotherProfileViewController.swift */,
				C7C5DE14266A9B9F00A92971 /* AnotherProfileProtocols.swift */,
				C7C5DE15266A9B9F00A92971 /* AnotherProfileInteractor.swift */,
				C7C5DE16266A9B9F00A92971 /* AnotherProfileContainer.swift */,
			);
			path = "AnotherProfile-Page";
			sourceTree = "<group>";
		};
/* End PBXGroup section */

/* Begin PBXNativeTarget section */
		C7BFCE2E260D42BE00AFADCC /* uTravel */ = {
			isa = PBXNativeTarget;
			buildConfigurationList = C7BFCE43260D42C100AFADCC /* Build configuration list for PBXNativeTarget "uTravel" */;
			buildPhases = (
				B38FCEA145D1CC249039B487 /* [CP] Check Pods Manifest.lock */,
				C7BFCE2B260D42BE00AFADCC /* Sources */,
				C7BFCE2C260D42BE00AFADCC /* Frameworks */,
				C7BFCE2D260D42BE00AFADCC /* Resources */,
				2C1962FC67DE4B7553E79F36 /* [CP] Embed Pods Frameworks */,
			);
			buildRules = (
			);
			dependencies = (
			);
			name = uTravel;
			productName = uTravel;
			productReference = C7BFCE2F260D42BE00AFADCC /* uTravel.app */;
			productType = "com.apple.product-type.application";
		};
/* End PBXNativeTarget section */

/* Begin PBXProject section */
		C7BFCE27260D42BE00AFADCC /* Project object */ = {
			isa = PBXProject;
			attributes = {
				LastSwiftUpdateCheck = 1240;
				LastUpgradeCheck = 1240;
				TargetAttributes = {
					C7BFCE2E260D42BE00AFADCC = {
						CreatedOnToolsVersion = 12.4;
					};
				};
			};
			buildConfigurationList = C7BFCE2A260D42BE00AFADCC /* Build configuration list for PBXProject "uTravel" */;
			compatibilityVersion = "Xcode 9.3";
			developmentRegion = en;
			hasScannedForEncodings = 0;
			knownRegions = (
				en,
				Base,
			);
			mainGroup = C7BFCE26260D42BE00AFADCC;
			productRefGroup = C7BFCE30260D42BE00AFADCC /* Products */;
			projectDirPath = "";
			projectRoot = "";
			targets = (
				C7BFCE2E260D42BE00AFADCC /* uTravel */,
			);
		};
/* End PBXProject section */

/* Begin PBXResourcesBuildPhase section */
		C7BFCE2D260D42BE00AFADCC /* Resources */ = {
			isa = PBXResourcesBuildPhase;
			buildActionMask = 2147483647;
			files = (
				C72375E4262E3DAB001DB744 /* Main.storyboard in Resources */,
				C7CFDD022666D4D000C428DD /* GoogleService-Info.plist in Resources */,
				C7BFCE3F260D42C100AFADCC /* LaunchScreen.storyboard in Resources */,
				C7BFCE3C260D42C100AFADCC /* Assets.xcassets in Resources */,
			);
			runOnlyForDeploymentPostprocessing = 0;
		};
/* End PBXResourcesBuildPhase section */

/* Begin PBXShellScriptBuildPhase section */
		2C1962FC67DE4B7553E79F36 /* [CP] Embed Pods Frameworks */ = {
			isa = PBXShellScriptBuildPhase;
			buildActionMask = 2147483647;
			files = (
			);
			inputFileListPaths = (
				"${PODS_ROOT}/Target Support Files/Pods-uTravel/Pods-uTravel-frameworks-${CONFIGURATION}-input-files.xcfilelist",
			);
			name = "[CP] Embed Pods Frameworks";
			outputFileListPaths = (
				"${PODS_ROOT}/Target Support Files/Pods-uTravel/Pods-uTravel-frameworks-${CONFIGURATION}-output-files.xcfilelist",
			);
			runOnlyForDeploymentPostprocessing = 0;
			shellPath = /bin/sh;
			shellScript = "\"${PODS_ROOT}/Target Support Files/Pods-uTravel/Pods-uTravel-frameworks.sh\"\n";
			showEnvVarsInLog = 0;
		};
		B38FCEA145D1CC249039B487 /* [CP] Check Pods Manifest.lock */ = {
			isa = PBXShellScriptBuildPhase;
			buildActionMask = 2147483647;
			files = (
			);
			inputFileListPaths = (
			);
			inputPaths = (
				"${PODS_PODFILE_DIR_PATH}/Podfile.lock",
				"${PODS_ROOT}/Manifest.lock",
			);
			name = "[CP] Check Pods Manifest.lock";
			outputFileListPaths = (
			);
			outputPaths = (
				"$(DERIVED_FILE_DIR)/Pods-uTravel-checkManifestLockResult.txt",
			);
			runOnlyForDeploymentPostprocessing = 0;
			shellPath = /bin/sh;
			shellScript = "diff \"${PODS_PODFILE_DIR_PATH}/Podfile.lock\" \"${PODS_ROOT}/Manifest.lock\" > /dev/null\nif [ $? != 0 ] ; then\n    # print error to STDERR\n    echo \"error: The sandbox is not in sync with the Podfile.lock. Run 'pod install' or update your CocoaPods installation.\" >&2\n    exit 1\nfi\n# This output is used by Xcode 'outputs' to avoid re-running this script phase.\necho \"SUCCESS\" > \"${SCRIPT_OUTPUT_FILE_0}\"\n";
			showEnvVarsInLog = 0;
		};
/* End PBXShellScriptBuildPhase section */

/* Begin PBXSourcesBuildPhase section */
		C7BFCE2B260D42BE00AFADCC /* Sources */ = {
			isa = PBXSourcesBuildPhase;
			buildActionMask = 2147483647;
			files = (
				C7A4B75926406B840082B9EA /* NotificationRouter.swift in Sources */,
				C764AB8826374DD500C4331D /* AddTravelProtocols.swift in Sources */,
				C764AB8526374DD500C4331D /* AddTravelPresenter.swift in Sources */,
				C71ABF01266A517900A12052 /* SearchUsersCollectionViewUserCell.swift in Sources */,
				C78115F22637947A008E8D92 /* TravelDetailProtocols.swift in Sources */,
				C72858DE266171E600C63905 /* LocationRouter.swift in Sources */,
				C764AB5126374B9A00C4331D /* ExploreContainer.swift in Sources */,
				C764AB952637530F00C4331D /* ProfileSettingsPresenter.swift in Sources */,
				C79FE73826372743003AAA91 /* RegistrationProtocols.swift in Sources */,
				C79FE73926372743003AAA91 /* RegistrationInteractor.swift in Sources */,
				C71ABED0266998CA00A12052 /* PlaceDetailRouter.swift in Sources */,
				C72858E2266171E600C63905 /* LocationContainer.swift in Sources */,
				C764AB4F26374B9A00C4331D /* ExploreProtocols.swift in Sources */,
				C72375C4262E0BC1001DB744 /* LoginViewController.swift in Sources */,
				C7A4B76C26406C370082B9EA /* ChatInteractor.swift in Sources */,
				C71ABED4266998CA00A12052 /* PlaceDetailContainer.swift in Sources */,
				C7A4B76B26406C360082B9EA /* ChatProtocols.swift in Sources */,
				C7A4B75A26406B840082B9EA /* NotificationViewController.swift in Sources */,
				C7B3C2692666AC5D001B90A4 /* Trip.swift in Sources */,
				C7C5DE17266A9B9F00A92971 /* AnotherProfilePresenter.swift in Sources */,
				C7A4B77D26406C6A0082B9EA /* AddPlaceContainer.swift in Sources */,
				C72858DF266171E600C63905 /* LocationViewController.swift in Sources */,
				C79FE6DC2636E4ED003AAA91 /* MainContainer.swift in Sources */,
				C7C5DE18266A9B9F00A92971 /* AnotherProfileRouter.swift in Sources */,
				C71ABEC326683E6200A12052 /* LoadingViewController.swift in Sources */,
				C78115F42637947A008E8D92 /* TravelDetailContainer.swift in Sources */,
				C764AB8926374DD500C4331D /* AddTravelInteractor.swift in Sources */,
				C7A4B77A26406C6A0082B9EA /* AddPlaceViewController.swift in Sources */,
				C71ABEEC266A507A00A12052 /* SearchUsersInteractor.swift in Sources */,
				C79FE73626372743003AAA91 /* RegistrationRouter.swift in Sources */,
				C764AB4D26374B9A00C4331D /* ExploreRouter.swift in Sources */,
				C72375C5262E0BC1001DB744 /* LoginProtocols.swift in Sources */,
				C77E14132643046F0015B750 /* TravelPostManager.swift in Sources */,
				C771D4FA26408210005947E6 /* ImagePicker.swift in Sources */,
				C764AB8726374DD500C4331D /* AddTravelViewController.swift in Sources */,
				C7A4B76D26406C370082B9EA /* ChatContainer.swift in Sources */,
				C7A4B76826406C360082B9EA /* ChatPresenter.swift in Sources */,
				C7B3C2702666AC71001B90A4 /* Place.swift in Sources */,
				C77E1419264310F30015B750 /* TravelPostViewModel.swift in Sources */,
				C764AB5026374B9A00C4331D /* ExploreInteractor.swift in Sources */,
				C764AB992637530F00C4331D /* ProfileSettingsInteractor.swift in Sources */,
				C71ABEDA266A4CCE00A12052 /* TravelDetailCollectionViewPlaceCell.swift in Sources */,
				C72858E1266171E600C63905 /* LocationInteractor.swift in Sources */,
				C764AB5A26374C0A00C4331D /* ProfilePresenter.swift in Sources */,
				C7A4B77C26406C6A0082B9EA /* AddPlaceInteractor.swift in Sources */,
				C7A4B76926406C360082B9EA /* ChatRouter.swift in Sources */,
				C764AB8A26374DD500C4331D /* AddTravelContainer.swift in Sources */,
				C764AB4C26374B9A00C4331D /* ExplorePresenter.swift in Sources */,
				C71ABED2266998CA00A12052 /* PlaceDetailProtocols.swift in Sources */,
				C7A4B75C26406B840082B9EA /* NotificationInteractor.swift in Sources */,
				C78115EF2637947A008E8D92 /* TravelDetailPresenter.swift in Sources */,
				C7239749263F341E00F5DB0E /* TravelCollectionViewCell.swift in Sources */,
				C71ABEED266A507A00A12052 /* SearchUsersContainer.swift in Sources */,
				C7B3C26D2666AC68001B90A4 /* User.swift in Sources */,
				C72858E0266171E600C63905 /* LocationProtocols.swift in Sources */,
				C7A4B75D26406B840082B9EA /* NotificationContainer.swift in Sources */,
				C77E141C264337220015B750 /* ImageLoader.swift in Sources */,
				C7A4B75826406B840082B9EA /* NotificationPresenter.swift in Sources */,
				C7A4B76A26406C360082B9EA /* ChatViewController.swift in Sources */,
				C7A4B77826406C6A0082B9EA /* AddPlacePresenter.swift in Sources */,
				C764AB8626374DD500C4331D /* AddTravelRouter.swift in Sources */,
				C78115F02637947A008E8D92 /* TravelDetailRouter.swift in Sources */,
				C764AB5C26374C0A00C4331D /* ProfileViewController.swift in Sources */,
				C72375C2262E0BC1001DB744 /* LoginPresenter.swift in Sources */,
				C79FE6DA2636E4ED003AAA91 /* MainProtocols.swift in Sources */,
				C72858E726617F4600C63905 /* SearchResultsController.swift in Sources */,
				C78115B02637699D008E8D92 /* TravelCollectionViewExploreCell.swift in Sources */,
				C79FE6D92636E4ED003AAA91 /* MainTabBarController.swift in Sources */,
				C79FE6DB2636E4ED003AAA91 /* MainInteractor.swift in Sources */,
				C7A4B75B26406B840082B9EA /* NotificationProtocols.swift in Sources */,
				C72375C7262E0BC1001DB744 /* LoginContainer.swift in Sources */,
				C764AB9A2637530F00C4331D /* ProfileSettingsContainer.swift in Sources */,
				C79FE73526372743003AAA91 /* RegistrationPresenter.swift in Sources */,
				C7C5DE1B266A9B9F00A92971 /* AnotherProfileInteractor.swift in Sources */,
				C71ABED1266998CA00A12052 /* PlaceDetailViewController.swift in Sources */,
				C79FE6D72636E4ED003AAA91 /* MainPresenter.swift in Sources */,
				C79FE73726372743003AAA91 /* RegistrationViewController.swift in Sources */,
				C72375C6262E0BC1001DB744 /* LoginInteractor.swift in Sources */,
				C71ABED3266998CA00A12052 /* PlaceDetailInteractor.swift in Sources */,
				C79FE74126374332003AAA91 /* utils.swift in Sources */,
				C77E140D2641DC1D0015B750 /* TravelPost.swift in Sources */,
				C764AB5F26374C0A00C4331D /* ProfileContainer.swift in Sources */,
				C71ABEE9266A507A00A12052 /* SearchUsersRouter.swift in Sources */,
				C764AB972637530F00C4331D /* ProfileSettingsViewController.swift in Sources */,
				C7A4B77B26406C6A0082B9EA /* AddPlaceProtocols.swift in Sources */,
				C78115F32637947A008E8D92 /* TravelDetailInteractor.swift in Sources */,
				C77E140826417AE50015B750 /* AddTravelCollectionViewPlaceCell.swift in Sources */,
				C764AB5B26374C0A00C4331D /* ProfileRouter.swift in Sources */,
				C7C5DE19266A9B9F00A92971 /* AnotherProfileViewController.swift in Sources */,
				C71ABEEB266A507A00A12052 /* SearchUsersProtocols.swift in Sources */,
				C78115F12637947A008E8D92 /* TravelDetailViewController.swift in Sources */,
				C7C5DE1A266A9B9F00A92971 /* AnotherProfileProtocols.swift in Sources */,
				C764AB982637530F00C4331D /* ProfileSettingsProtocols.swift in Sources */,
				C7BFCE33260D42BE00AFADCC /* AppDelegate.swift in Sources */,
				C72375C3262E0BC1001DB744 /* LoginRouter.swift in Sources */,
				C71ABEE8266A507A00A12052 /* SearchUsersPresenter.swift in Sources */,
				C764AB5D26374C0A00C4331D /* ProfileProtocols.swift in Sources */,
				C764AB962637530F00C4331D /* ProfileSettingsRouter.swift in Sources */,
				C764AB4E26374B9A00C4331D /* ExploreViewController.swift in Sources */,
				C71ABECF266998CA00A12052 /* PlaceDetailPresenter.swift in Sources */,
				C79FE6D82636E4ED003AAA91 /* MainRouter.swift in Sources */,
				C72858DD266171E600C63905 /* LocationPresenter.swift in Sources */,
				C79FE73A26372743003AAA91 /* RegistrationContainer.swift in Sources */,
				C7C5DE1C266A9B9F00A92971 /* AnotherProfileContainer.swift in Sources */,
				C764AB5E26374C0A00C4331D /* ProfileInteractor.swift in Sources */,
				C71ABEEA266A507A00A12052 /* SearchUsersViewController.swift in Sources */,
				C7BFCE35260D42BE00AFADCC /* SceneDelegate.swift in Sources */,
				C7A4B77926406C6A0082B9EA /* AddPlaceRouter.swift in Sources */,
			);
			runOnlyForDeploymentPostprocessing = 0;
		};
/* End PBXSourcesBuildPhase section */

/* Begin PBXVariantGroup section */
		C7BFCE3D260D42C100AFADCC /* LaunchScreen.storyboard */ = {
			isa = PBXVariantGroup;
			children = (
				C7BFCE3E260D42C100AFADCC /* Base */,
			);
			name = LaunchScreen.storyboard;
			sourceTree = "<group>";
		};
/* End PBXVariantGroup section */

/* Begin XCBuildConfiguration section */
		C7BFCE41260D42C100AFADCC /* Debug */ = {
			isa = XCBuildConfiguration;
			buildSettings = {
				ALWAYS_SEARCH_USER_PATHS = NO;
				CLANG_ANALYZER_NONNULL = YES;
				CLANG_ANALYZER_NUMBER_OBJECT_CONVERSION = YES_AGGRESSIVE;
				CLANG_CXX_LANGUAGE_STANDARD = "gnu++14";
				CLANG_CXX_LIBRARY = "libc++";
				CLANG_ENABLE_MODULES = YES;
				CLANG_ENABLE_OBJC_ARC = YES;
				CLANG_ENABLE_OBJC_WEAK = YES;
				CLANG_WARN_BLOCK_CAPTURE_AUTORELEASING = YES;
				CLANG_WARN_BOOL_CONVERSION = YES;
				CLANG_WARN_COMMA = YES;
				CLANG_WARN_CONSTANT_CONVERSION = YES;
				CLANG_WARN_DEPRECATED_OBJC_IMPLEMENTATIONS = YES;
				CLANG_WARN_DIRECT_OBJC_ISA_USAGE = YES_ERROR;
				CLANG_WARN_DOCUMENTATION_COMMENTS = YES;
				CLANG_WARN_EMPTY_BODY = YES;
				CLANG_WARN_ENUM_CONVERSION = YES;
				CLANG_WARN_INFINITE_RECURSION = YES;
				CLANG_WARN_INT_CONVERSION = YES;
				CLANG_WARN_NON_LITERAL_NULL_CONVERSION = YES;
				CLANG_WARN_OBJC_IMPLICIT_RETAIN_SELF = YES;
				CLANG_WARN_OBJC_LITERAL_CONVERSION = YES;
				CLANG_WARN_OBJC_ROOT_CLASS = YES_ERROR;
				CLANG_WARN_QUOTED_INCLUDE_IN_FRAMEWORK_HEADER = YES;
				CLANG_WARN_RANGE_LOOP_ANALYSIS = YES;
				CLANG_WARN_STRICT_PROTOTYPES = YES;
				CLANG_WARN_SUSPICIOUS_MOVE = YES;
				CLANG_WARN_UNGUARDED_AVAILABILITY = YES_AGGRESSIVE;
				CLANG_WARN_UNREACHABLE_CODE = YES;
				CLANG_WARN__DUPLICATE_METHOD_MATCH = YES;
				COPY_PHASE_STRIP = NO;
				DEBUG_INFORMATION_FORMAT = dwarf;
				ENABLE_STRICT_OBJC_MSGSEND = YES;
				ENABLE_TESTABILITY = YES;
				GCC_C_LANGUAGE_STANDARD = gnu11;
				GCC_DYNAMIC_NO_PIC = NO;
				GCC_NO_COMMON_BLOCKS = YES;
				GCC_OPTIMIZATION_LEVEL = 0;
				GCC_PREPROCESSOR_DEFINITIONS = (
					"DEBUG=1",
					"$(inherited)",
				);
				GCC_WARN_64_TO_32_BIT_CONVERSION = YES;
				GCC_WARN_ABOUT_RETURN_TYPE = YES_ERROR;
				GCC_WARN_UNDECLARED_SELECTOR = YES;
				GCC_WARN_UNINITIALIZED_AUTOS = YES_AGGRESSIVE;
				GCC_WARN_UNUSED_FUNCTION = YES;
				GCC_WARN_UNUSED_VARIABLE = YES;
				IPHONEOS_DEPLOYMENT_TARGET = 14.4;
				MTL_ENABLE_DEBUG_INFO = INCLUDE_SOURCE;
				MTL_FAST_MATH = YES;
				ONLY_ACTIVE_ARCH = YES;
				SDKROOT = iphoneos;
				SWIFT_ACTIVE_COMPILATION_CONDITIONS = DEBUG;
				SWIFT_OPTIMIZATION_LEVEL = "-Onone";
			};
			name = Debug;
		};
		C7BFCE42260D42C100AFADCC /* Release */ = {
			isa = XCBuildConfiguration;
			buildSettings = {
				ALWAYS_SEARCH_USER_PATHS = NO;
				CLANG_ANALYZER_NONNULL = YES;
				CLANG_ANALYZER_NUMBER_OBJECT_CONVERSION = YES_AGGRESSIVE;
				CLANG_CXX_LANGUAGE_STANDARD = "gnu++14";
				CLANG_CXX_LIBRARY = "libc++";
				CLANG_ENABLE_MODULES = YES;
				CLANG_ENABLE_OBJC_ARC = YES;
				CLANG_ENABLE_OBJC_WEAK = YES;
				CLANG_WARN_BLOCK_CAPTURE_AUTORELEASING = YES;
				CLANG_WARN_BOOL_CONVERSION = YES;
				CLANG_WARN_COMMA = YES;
				CLANG_WARN_CONSTANT_CONVERSION = YES;
				CLANG_WARN_DEPRECATED_OBJC_IMPLEMENTATIONS = YES;
				CLANG_WARN_DIRECT_OBJC_ISA_USAGE = YES_ERROR;
				CLANG_WARN_DOCUMENTATION_COMMENTS = YES;
				CLANG_WARN_EMPTY_BODY = YES;
				CLANG_WARN_ENUM_CONVERSION = YES;
				CLANG_WARN_INFINITE_RECURSION = YES;
				CLANG_WARN_INT_CONVERSION = YES;
				CLANG_WARN_NON_LITERAL_NULL_CONVERSION = YES;
				CLANG_WARN_OBJC_IMPLICIT_RETAIN_SELF = YES;
				CLANG_WARN_OBJC_LITERAL_CONVERSION = YES;
				CLANG_WARN_OBJC_ROOT_CLASS = YES_ERROR;
				CLANG_WARN_QUOTED_INCLUDE_IN_FRAMEWORK_HEADER = YES;
				CLANG_WARN_RANGE_LOOP_ANALYSIS = YES;
				CLANG_WARN_STRICT_PROTOTYPES = YES;
				CLANG_WARN_SUSPICIOUS_MOVE = YES;
				CLANG_WARN_UNGUARDED_AVAILABILITY = YES_AGGRESSIVE;
				CLANG_WARN_UNREACHABLE_CODE = YES;
				CLANG_WARN__DUPLICATE_METHOD_MATCH = YES;
				COPY_PHASE_STRIP = NO;
				DEBUG_INFORMATION_FORMAT = "dwarf-with-dsym";
				ENABLE_NS_ASSERTIONS = NO;
				ENABLE_STRICT_OBJC_MSGSEND = YES;
				GCC_C_LANGUAGE_STANDARD = gnu11;
				GCC_NO_COMMON_BLOCKS = YES;
				GCC_WARN_64_TO_32_BIT_CONVERSION = YES;
				GCC_WARN_ABOUT_RETURN_TYPE = YES_ERROR;
				GCC_WARN_UNDECLARED_SELECTOR = YES;
				GCC_WARN_UNINITIALIZED_AUTOS = YES_AGGRESSIVE;
				GCC_WARN_UNUSED_FUNCTION = YES;
				GCC_WARN_UNUSED_VARIABLE = YES;
				IPHONEOS_DEPLOYMENT_TARGET = 14.4;
				MTL_ENABLE_DEBUG_INFO = NO;
				MTL_FAST_MATH = YES;
				SDKROOT = iphoneos;
				SWIFT_COMPILATION_MODE = wholemodule;
				SWIFT_OPTIMIZATION_LEVEL = "-O";
				VALIDATE_PRODUCT = YES;
			};
			name = Release;
		};
		C7BFCE44260D42C100AFADCC /* Debug */ = {
			isa = XCBuildConfiguration;
			baseConfigurationReference = 4514AF2FB7F91074E3B9BBE2 /* Pods-uTravel.debug.xcconfig */;
			buildSettings = {
				ASSETCATALOG_COMPILER_APPICON_NAME = AppIcon;
				ASSETCATALOG_COMPILER_GLOBAL_ACCENT_COLOR_NAME = AccentColor;
				CODE_SIGN_STYLE = Automatic;
				DEVELOPMENT_TEAM = "";
				INFOPLIST_FILE = uTravel/Info.plist;
				IPHONEOS_DEPLOYMENT_TARGET = 13.0;
				LD_RUNPATH_SEARCH_PATHS = (
					"$(inherited)",
					"@executable_path/Frameworks",
				);
				PRODUCT_BUNDLE_IDENTIFIER = com.uTeam.uTravel;
				PRODUCT_NAME = "$(TARGET_NAME)";
				SWIFT_VERSION = 5.0;
				TARGETED_DEVICE_FAMILY = "1,2";
			};
			name = Debug;
		};
		C7BFCE45260D42C100AFADCC /* Release */ = {
			isa = XCBuildConfiguration;
			baseConfigurationReference = AD54DC9CDCA38F333014CD11 /* Pods-uTravel.release.xcconfig */;
			buildSettings = {
				ASSETCATALOG_COMPILER_APPICON_NAME = AppIcon;
				ASSETCATALOG_COMPILER_GLOBAL_ACCENT_COLOR_NAME = AccentColor;
				CODE_SIGN_STYLE = Automatic;
				DEVELOPMENT_TEAM = "";
				INFOPLIST_FILE = uTravel/Info.plist;
				IPHONEOS_DEPLOYMENT_TARGET = 13.0;
				LD_RUNPATH_SEARCH_PATHS = (
					"$(inherited)",
					"@executable_path/Frameworks",
				);
				PRODUCT_BUNDLE_IDENTIFIER = com.uTeam.uTravel;
				PRODUCT_NAME = "$(TARGET_NAME)";
				SWIFT_VERSION = 5.0;
				TARGETED_DEVICE_FAMILY = "1,2";
			};
			name = Release;
		};
/* End XCBuildConfiguration section */

/* Begin XCConfigurationList section */
		C7BFCE2A260D42BE00AFADCC /* Build configuration list for PBXProject "uTravel" */ = {
			isa = XCConfigurationList;
			buildConfigurations = (
				C7BFCE41260D42C100AFADCC /* Debug */,
				C7BFCE42260D42C100AFADCC /* Release */,
			);
			defaultConfigurationIsVisible = 0;
			defaultConfigurationName = Release;
		};
		C7BFCE43260D42C100AFADCC /* Build configuration list for PBXNativeTarget "uTravel" */ = {
			isa = XCConfigurationList;
			buildConfigurations = (
				C7BFCE44260D42C100AFADCC /* Debug */,
				C7BFCE45260D42C100AFADCC /* Release */,
			);
			defaultConfigurationIsVisible = 0;
			defaultConfigurationName = Release;
		};
/* End XCConfigurationList section */
	};
	rootObject = C7BFCE27260D42BE00AFADCC /* Project object */;
}
