// !$*UTF8*$!
{
	archiveVersion = 1;
	classes = {
	};
	objectVersion = 50;
	objects = {

/* Begin PBXBuildFile section */
		14455B7EA7BBBE5B4E2457A5 /* Pods_uTravel.framework in Frameworks */ = {isa = PBXBuildFile; fileRef = ECDB22D428A338BA2706F10C /* Pods_uTravel.framework */; };
		C7BFCE33260D42BE00AFADCC /* AppDelegate.swift in Sources */ = {isa = PBXBuildFile; fileRef = C7BFCE32260D42BE00AFADCC /* AppDelegate.swift */; };
		C7BFCE35260D42BE00AFADCC /* SceneDelegate.swift in Sources */ = {isa = PBXBuildFile; fileRef = C7BFCE34260D42BE00AFADCC /* SceneDelegate.swift */; };
		C7BFCE37260D42BE00AFADCC /* ViewController.swift in Sources */ = {isa = PBXBuildFile; fileRef = C7BFCE36260D42BE00AFADCC /* ViewController.swift */; };
		C7BFCE3A260D42BE00AFADCC /* Main.storyboard in Resources */ = {isa = PBXBuildFile; fileRef = C7BFCE38260D42BE00AFADCC /* Main.storyboard */; };
		C7BFCE3C260D42C100AFADCC /* Assets.xcassets in Resources */ = {isa = PBXBuildFile; fileRef = C7BFCE3B260D42C100AFADCC /* Assets.xcassets */; };
		C7BFCE3F260D42C100AFADCC /* LaunchScreen.storyboard in Resources */ = {isa = PBXBuildFile; fileRef = C7BFCE3D260D42C100AFADCC /* LaunchScreen.storyboard */; };
/* End PBXBuildFile section */

/* Begin PBXFileReference section */
		4514AF2FB7F91074E3B9BBE2 /* Pods-uTravel.debug.xcconfig */ = {isa = PBXFileReference; includeInIndex = 1; lastKnownFileType = text.xcconfig; name = "Pods-uTravel.debug.xcconfig"; path = "Target Support Files/Pods-uTravel/Pods-uTravel.debug.xcconfig"; sourceTree = "<group>"; };
		AD54DC9CDCA38F333014CD11 /* Pods-uTravel.release.xcconfig */ = {isa = PBXFileReference; includeInIndex = 1; lastKnownFileType = text.xcconfig; name = "Pods-uTravel.release.xcconfig"; path = "Target Support Files/Pods-uTravel/Pods-uTravel.release.xcconfig"; sourceTree = "<group>"; };
		C7BFCE2F260D42BE00AFADCC /* uTravel.app */ = {isa = PBXFileReference; explicitFileType = wrapper.application; includeInIndex = 0; path = uTravel.app; sourceTree = BUILT_PRODUCTS_DIR; };
		C7BFCE32260D42BE00AFADCC /* AppDelegate.swift */ = {isa = PBXFileReference; lastKnownFileType = sourcecode.swift; path = AppDelegate.swift; sourceTree = "<group>"; };
		C7BFCE34260D42BE00AFADCC /* SceneDelegate.swift */ = {isa = PBXFileReference; lastKnownFileType = sourcecode.swift; path = SceneDelegate.swift; sourceTree = "<group>"; };
		C7BFCE36260D42BE00AFADCC /* ViewController.swift */ = {isa = PBXFileReference; lastKnownFileType = sourcecode.swift; path = ViewController.swift; sourceTree = "<group>"; };
		C7BFCE39260D42BE00AFADCC /* Base */ = {isa = PBXFileReference; lastKnownFileType = file.storyboard; name = Base; path = Base.lproj/Main.storyboard; sourceTree = "<group>"; };
		C7BFCE3B260D42C100AFADCC /* Assets.xcassets */ = {isa = PBXFileReference; lastKnownFileType = folder.assetcatalog; path = Assets.xcassets; sourceTree = "<group>"; };
		C7BFCE3E260D42C100AFADCC /* Base */ = {isa = PBXFileReference; lastKnownFileType = file.storyboard; name = Base; path = Base.lproj/LaunchScreen.storyboard; sourceTree = "<group>"; };
		C7BFCE40260D42C100AFADCC /* Info.plist */ = {isa = PBXFileReference; lastKnownFileType = text.plist.xml; path = Info.plist; sourceTree = "<group>"; };
		ECDB22D428A338BA2706F10C /* Pods_uTravel.framework */ = {isa = PBXFileReference; explicitFileType = wrapper.framework; includeInIndex = 0; path = Pods_uTravel.framework; sourceTree = BUILT_PRODUCTS_DIR; };
/* End PBXFileReference section */

/* Begin PBXFrameworksBuildPhase section */
		C7BFCE2C260D42BE00AFADCC /* Frameworks */ = {
			isa = PBXFrameworksBuildPhase;
			buildActionMask = 2147483647;
			files = (
				14455B7EA7BBBE5B4E2457A5 /* Pods_uTravel.framework in Frameworks */,
			);
			runOnlyForDeploymentPostprocessing = 0;
		};
/* End PBXFrameworksBuildPhase section */

/* Begin PBXGroup section */
		44DE8CCE71AB0D0AAD77CB92 /* Frameworks */ = {
			isa = PBXGroup;
			children = (
				ECDB22D428A338BA2706F10C /* Pods_uTravel.framework */,
			);
			name = Frameworks;
			sourceTree = "<group>";
		};
		7B72E7400082CB5B36D83E06 /* Pods */ = {
			isa = PBXGroup;
			children = (
				4514AF2FB7F91074E3B9BBE2 /* Pods-uTravel.debug.xcconfig */,
				AD54DC9CDCA38F333014CD11 /* Pods-uTravel.release.xcconfig */,
			);
			name = Pods;
			path = Pods;
			sourceTree = "<group>";
		};
		C7BFCE26260D42BE00AFADCC = {
			isa = PBXGroup;
			children = (
				C7BFCE31260D42BE00AFADCC /* uTravel */,
				C7BFCE30260D42BE00AFADCC /* Products */,
				7B72E7400082CB5B36D83E06 /* Pods */,
				44DE8CCE71AB0D0AAD77CB92 /* Frameworks */,
			);
			sourceTree = "<group>";
		};
		C7BFCE30260D42BE00AFADCC /* Products */ = {
			isa = PBXGroup;
			children = (
				C7BFCE2F260D42BE00AFADCC /* uTravel.app */,
			);
			name = Products;
			sourceTree = "<group>";
		};
		C7BFCE31260D42BE00AFADCC /* uTravel */ = {
			isa = PBXGroup;
			children = (
				C7BFCE32260D42BE00AFADCC /* AppDelegate.swift */,
				C7BFCE34260D42BE00AFADCC /* SceneDelegate.swift */,
				C7BFCE36260D42BE00AFADCC /* ViewController.swift */,
				C7BFCE38260D42BE00AFADCC /* Main.storyboard */,
				C7BFCE3B260D42C100AFADCC /* Assets.xcassets */,
				C7BFCE3D260D42C100AFADCC /* LaunchScreen.storyboard */,
				C7BFCE40260D42C100AFADCC /* Info.plist */,
			);
			path = uTravel;
			sourceTree = "<group>";
		};
/* End PBXGroup section */

/* Begin PBXNativeTarget section */
		C7BFCE2E260D42BE00AFADCC /* uTravel */ = {
			isa = PBXNativeTarget;
			buildConfigurationList = C7BFCE43260D42C100AFADCC /* Build configuration list for PBXNativeTarget "uTravel" */;
			buildPhases = (
				B38FCEA145D1CC249039B487 /* [CP] Check Pods Manifest.lock */,
				C7BFCE2B260D42BE00AFADCC /* Sources */,
				C7BFCE2C260D42BE00AFADCC /* Frameworks */,
				C7BFCE2D260D42BE00AFADCC /* Resources */,
				2C1962FC67DE4B7553E79F36 /* [CP] Embed Pods Frameworks */,
			);
			buildRules = (
			);
			dependencies = (
			);
			name = uTravel;
			productName = uTravel;
			productReference = C7BFCE2F260D42BE00AFADCC /* uTravel.app */;
			productType = "com.apple.product-type.application";
		};
/* End PBXNativeTarget section */

/* Begin PBXProject section */
		C7BFCE27260D42BE00AFADCC /* Project object */ = {
			isa = PBXProject;
			attributes = {
				LastSwiftUpdateCheck = 1240;
				LastUpgradeCheck = 1240;
				TargetAttributes = {
					C7BFCE2E260D42BE00AFADCC = {
						CreatedOnToolsVersion = 12.4;
					};
				};
			};
			buildConfigurationList = C7BFCE2A260D42BE00AFADCC /* Build configuration list for PBXProject "uTravel" */;
			compatibilityVersion = "Xcode 9.3";
			developmentRegion = en;
			hasScannedForEncodings = 0;
			knownRegions = (
				en,
				Base,
			);
			mainGroup = C7BFCE26260D42BE00AFADCC;
			productRefGroup = C7BFCE30260D42BE00AFADCC /* Products */;
			projectDirPath = "";
			projectRoot = "";
			targets = (
				C7BFCE2E260D42BE00AFADCC /* uTravel */,
			);
		};
/* End PBXProject section */

/* Begin PBXResourcesBuildPhase section */
		C7BFCE2D260D42BE00AFADCC /* Resources */ = {
			isa = PBXResourcesBuildPhase;
			buildActionMask = 2147483647;
			files = (
				C7BFCE3F260D42C100AFADCC /* LaunchScreen.storyboard in Resources */,
				C7BFCE3C260D42C100AFADCC /* Assets.xcassets in Resources */,
				C7BFCE3A260D42BE00AFADCC /* Main.storyboard in Resources */,
			);
			runOnlyForDeploymentPostprocessing = 0;
		};
/* End PBXResourcesBuildPhase section */

/* Begin PBXShellScriptBuildPhase section */
		2C1962FC67DE4B7553E79F36 /* [CP] Embed Pods Frameworks */ = {
			isa = PBXShellScriptBuildPhase;
			buildActionMask = 2147483647;
			files = (
			);
			inputFileListPaths = (
				"${PODS_ROOT}/Target Support Files/Pods-uTravel/Pods-uTravel-frameworks-${CONFIGURATION}-input-files.xcfilelist",
			);
			name = "[CP] Embed Pods Frameworks";
			outputFileListPaths = (
				"${PODS_ROOT}/Target Support Files/Pods-uTravel/Pods-uTravel-frameworks-${CONFIGURATION}-output-files.xcfilelist",
			);
			runOnlyForDeploymentPostprocessing = 0;
			shellPath = /bin/sh;
			shellScript = "\"${PODS_ROOT}/Target Support Files/Pods-uTravel/Pods-uTravel-frameworks.sh\"\n";
			showEnvVarsInLog = 0;
		};
		B38FCEA145D1CC249039B487 /* [CP] Check Pods Manifest.lock */ = {
			isa = PBXShellScriptBuildPhase;
			buildActionMask = 2147483647;
			files = (
			);
			inputFileListPaths = (
			);
			inputPaths = (
				"${PODS_PODFILE_DIR_PATH}/Podfile.lock",
				"${PODS_ROOT}/Manifest.lock",
			);
			name = "[CP] Check Pods Manifest.lock";
			outputFileListPaths = (
			);
			outputPaths = (
				"$(DERIVED_FILE_DIR)/Pods-uTravel-checkManifestLockResult.txt",
			);
			runOnlyForDeploymentPostprocessing = 0;
			shellPath = /bin/sh;
			shellScript = "diff \"${PODS_PODFILE_DIR_PATH}/Podfile.lock\" \"${PODS_ROOT}/Manifest.lock\" > /dev/null\nif [ $? != 0 ] ; then\n    # print error to STDERR\n    echo \"error: The sandbox is not in sync with the Podfile.lock. Run 'pod install' or update your CocoaPods installation.\" >&2\n    exit 1\nfi\n# This output is used by Xcode 'outputs' to avoid re-running this script phase.\necho \"SUCCESS\" > \"${SCRIPT_OUTPUT_FILE_0}\"\n";
			showEnvVarsInLog = 0;
		};
/* End PBXShellScriptBuildPhase section */

/* Begin PBXSourcesBuildPhase section */
		C7BFCE2B260D42BE00AFADCC /* Sources */ = {
			isa = PBXSourcesBuildPhase;
			buildActionMask = 2147483647;
			files = (
				C7BFCE37260D42BE00AFADCC /* ViewController.swift in Sources */,
				C7BFCE33260D42BE00AFADCC /* AppDelegate.swift in Sources */,
				C7BFCE35260D42BE00AFADCC /* SceneDelegate.swift in Sources */,
			);
			runOnlyForDeploymentPostprocessing = 0;
		};
/* End PBXSourcesBuildPhase section */

/* Begin PBXVariantGroup section */
		C7BFCE38260D42BE00AFADCC /* Main.storyboard */ = {
			isa = PBXVariantGroup;
			children = (
				C7BFCE39260D42BE00AFADCC /* Base */,
			);
			name = Main.storyboard;
			sourceTree = "<group>";
		};
		C7BFCE3D260D42C100AFADCC /* LaunchScreen.storyboard */ = {
			isa = PBXVariantGroup;
			children = (
				C7BFCE3E260D42C100AFADCC /* Base */,
			);
			name = LaunchScreen.storyboard;
			sourceTree = "<group>";
		};
/* End PBXVariantGroup section */

/* Begin XCBuildConfiguration section */
		C7BFCE41260D42C100AFADCC /* Debug */ = {
			isa = XCBuildConfiguration;
			buildSettings = {
				ALWAYS_SEARCH_USER_PATHS = NO;
				CLANG_ANALYZER_NONNULL = YES;
				CLANG_ANALYZER_NUMBER_OBJECT_CONVERSION = YES_AGGRESSIVE;
				CLANG_CXX_LANGUAGE_STANDARD = "gnu++14";
				CLANG_CXX_LIBRARY = "libc++";
				CLANG_ENABLE_MODULES = YES;
				CLANG_ENABLE_OBJC_ARC = YES;
				CLANG_ENABLE_OBJC_WEAK = YES;
				CLANG_WARN_BLOCK_CAPTURE_AUTORELEASING = YES;
				CLANG_WARN_BOOL_CONVERSION = YES;
				CLANG_WARN_COMMA = YES;
				CLANG_WARN_CONSTANT_CONVERSION = YES;
				CLANG_WARN_DEPRECATED_OBJC_IMPLEMENTATIONS = YES;
				CLANG_WARN_DIRECT_OBJC_ISA_USAGE = YES_ERROR;
				CLANG_WARN_DOCUMENTATION_COMMENTS = YES;
				CLANG_WARN_EMPTY_BODY = YES;
				CLANG_WARN_ENUM_CONVERSION = YES;
				CLANG_WARN_INFINITE_RECURSION = YES;
				CLANG_WARN_INT_CONVERSION = YES;
				CLANG_WARN_NON_LITERAL_NULL_CONVERSION = YES;
				CLANG_WARN_OBJC_IMPLICIT_RETAIN_SELF = YES;
				CLANG_WARN_OBJC_LITERAL_CONVERSION = YES;
				CLANG_WARN_OBJC_ROOT_CLASS = YES_ERROR;
				CLANG_WARN_QUOTED_INCLUDE_IN_FRAMEWORK_HEADER = YES;
				CLANG_WARN_RANGE_LOOP_ANALYSIS = YES;
				CLANG_WARN_STRICT_PROTOTYPES = YES;
				CLANG_WARN_SUSPICIOUS_MOVE = YES;
				CLANG_WARN_UNGUARDED_AVAILABILITY = YES_AGGRESSIVE;
				CLANG_WARN_UNREACHABLE_CODE = YES;
				CLANG_WARN__DUPLICATE_METHOD_MATCH = YES;
				COPY_PHASE_STRIP = NO;
				DEBUG_INFORMATION_FORMAT = dwarf;
				ENABLE_STRICT_OBJC_MSGSEND = YES;
				ENABLE_TESTABILITY = YES;
				GCC_C_LANGUAGE_STANDARD = gnu11;
				GCC_DYNAMIC_NO_PIC = NO;
				GCC_NO_COMMON_BLOCKS = YES;
				GCC_OPTIMIZATION_LEVEL = 0;
				GCC_PREPROCESSOR_DEFINITIONS = (
					"DEBUG=1",
					"$(inherited)",
				);
				GCC_WARN_64_TO_32_BIT_CONVERSION = YES;
				GCC_WARN_ABOUT_RETURN_TYPE = YES_ERROR;
				GCC_WARN_UNDECLARED_SELECTOR = YES;
				GCC_WARN_UNINITIALIZED_AUTOS = YES_AGGRESSIVE;
				GCC_WARN_UNUSED_FUNCTION = YES;
				GCC_WARN_UNUSED_VARIABLE = YES;
				IPHONEOS_DEPLOYMENT_TARGET = 14.4;
				MTL_ENABLE_DEBUG_INFO = INCLUDE_SOURCE;
				MTL_FAST_MATH = YES;
				ONLY_ACTIVE_ARCH = YES;
				SDKROOT = iphoneos;
				SWIFT_ACTIVE_COMPILATION_CONDITIONS = DEBUG;
				SWIFT_OPTIMIZATION_LEVEL = "-Onone";
			};
			name = Debug;
		};
		C7BFCE42260D42C100AFADCC /* Release */ = {
			isa = XCBuildConfiguration;
			buildSettings = {
				ALWAYS_SEARCH_USER_PATHS = NO;
				CLANG_ANALYZER_NONNULL = YES;
				CLANG_ANALYZER_NUMBER_OBJECT_CONVERSION = YES_AGGRESSIVE;
				CLANG_CXX_LANGUAGE_STANDARD = "gnu++14";
				CLANG_CXX_LIBRARY = "libc++";
				CLANG_ENABLE_MODULES = YES;
				CLANG_ENABLE_OBJC_ARC = YES;
				CLANG_ENABLE_OBJC_WEAK = YES;
				CLANG_WARN_BLOCK_CAPTURE_AUTORELEASING = YES;
				CLANG_WARN_BOOL_CONVERSION = YES;
				CLANG_WARN_COMMA = YES;
				CLANG_WARN_CONSTANT_CONVERSION = YES;
				CLANG_WARN_DEPRECATED_OBJC_IMPLEMENTATIONS = YES;
				CLANG_WARN_DIRECT_OBJC_ISA_USAGE = YES_ERROR;
				CLANG_WARN_DOCUMENTATION_COMMENTS = YES;
				CLANG_WARN_EMPTY_BODY = YES;
				CLANG_WARN_ENUM_CONVERSION = YES;
				CLANG_WARN_INFINITE_RECURSION = YES;
				CLANG_WARN_INT_CONVERSION = YES;
				CLANG_WARN_NON_LITERAL_NULL_CONVERSION = YES;
				CLANG_WARN_OBJC_IMPLICIT_RETAIN_SELF = YES;
				CLANG_WARN_OBJC_LITERAL_CONVERSION = YES;
				CLANG_WARN_OBJC_ROOT_CLASS = YES_ERROR;
				CLANG_WARN_QUOTED_INCLUDE_IN_FRAMEWORK_HEADER = YES;
				CLANG_WARN_RANGE_LOOP_ANALYSIS = YES;
				CLANG_WARN_STRICT_PROTOTYPES = YES;
				CLANG_WARN_SUSPICIOUS_MOVE = YES;
				CLANG_WARN_UNGUARDED_AVAILABILITY = YES_AGGRESSIVE;
				CLANG_WARN_UNREACHABLE_CODE = YES;
				CLANG_WARN__DUPLICATE_METHOD_MATCH = YES;
				COPY_PHASE_STRIP = NO;
				DEBUG_INFORMATION_FORMAT = "dwarf-with-dsym";
				ENABLE_NS_ASSERTIONS = NO;
				ENABLE_STRICT_OBJC_MSGSEND = YES;
				GCC_C_LANGUAGE_STANDARD = gnu11;
				GCC_NO_COMMON_BLOCKS = YES;
				GCC_WARN_64_TO_32_BIT_CONVERSION = YES;
				GCC_WARN_ABOUT_RETURN_TYPE = YES_ERROR;
				GCC_WARN_UNDECLARED_SELECTOR = YES;
				GCC_WARN_UNINITIALIZED_AUTOS = YES_AGGRESSIVE;
				GCC_WARN_UNUSED_FUNCTION = YES;
				GCC_WARN_UNUSED_VARIABLE = YES;
				IPHONEOS_DEPLOYMENT_TARGET = 14.4;
				MTL_ENABLE_DEBUG_INFO = NO;
				MTL_FAST_MATH = YES;
				SDKROOT = iphoneos;
				SWIFT_COMPILATION_MODE = wholemodule;
				SWIFT_OPTIMIZATION_LEVEL = "-O";
				VALIDATE_PRODUCT = YES;
			};
			name = Release;
		};
		C7BFCE44260D42C100AFADCC /* Debug */ = {
			isa = XCBuildConfiguration;
			baseConfigurationReference = 4514AF2FB7F91074E3B9BBE2 /* Pods-uTravel.debug.xcconfig */;
			buildSettings = {
				ASSETCATALOG_COMPILER_APPICON_NAME = AppIcon;
				ASSETCATALOG_COMPILER_GLOBAL_ACCENT_COLOR_NAME = AccentColor;
				CODE_SIGN_STYLE = Automatic;
				INFOPLIST_FILE = uTravel/Info.plist;
				LD_RUNPATH_SEARCH_PATHS = (
					"$(inherited)",
					"@executable_path/Frameworks",
				);
				PRODUCT_BUNDLE_IDENTIFIER = com.uTeam.uTravel;
				PRODUCT_NAME = "$(TARGET_NAME)";
				SWIFT_VERSION = 5.0;
				TARGETED_DEVICE_FAMILY = "1,2";
			};
			name = Debug;
		};
		C7BFCE45260D42C100AFADCC /* Release */ = {
			isa = XCBuildConfiguration;
			baseConfigurationReference = AD54DC9CDCA38F333014CD11 /* Pods-uTravel.release.xcconfig */;
			buildSettings = {
				ASSETCATALOG_COMPILER_APPICON_NAME = AppIcon;
				ASSETCATALOG_COMPILER_GLOBAL_ACCENT_COLOR_NAME = AccentColor;
				CODE_SIGN_STYLE = Automatic;
				INFOPLIST_FILE = uTravel/Info.plist;
				LD_RUNPATH_SEARCH_PATHS = (
					"$(inherited)",
					"@executable_path/Frameworks",
				);
				PRODUCT_BUNDLE_IDENTIFIER = com.uTeam.uTravel;
				PRODUCT_NAME = "$(TARGET_NAME)";
				SWIFT_VERSION = 5.0;
				TARGETED_DEVICE_FAMILY = "1,2";
			};
			name = Release;
		};
/* End XCBuildConfiguration section */

/* Begin XCConfigurationList section */
		C7BFCE2A260D42BE00AFADCC /* Build configuration list for PBXProject "uTravel" */ = {
			isa = XCConfigurationList;
			buildConfigurations = (
				C7BFCE41260D42C100AFADCC /* Debug */,
				C7BFCE42260D42C100AFADCC /* Release */,
			);
			defaultConfigurationIsVisible = 0;
			defaultConfigurationName = Release;
		};
		C7BFCE43260D42C100AFADCC /* Build configuration list for PBXNativeTarget "uTravel" */ = {
			isa = XCConfigurationList;
			buildConfigurations = (
				C7BFCE44260D42C100AFADCC /* Debug */,
				C7BFCE45260D42C100AFADCC /* Release */,
			);
			defaultConfigurationIsVisible = 0;
			defaultConfigurationName = Release;
		};
/* End XCConfigurationList section */
	};
	rootObject = C7BFCE27260D42BE00AFADCC /* Project object */;
}
